// !$*UTF8*$!
{
	archiveVersion = 1;
	classes = {
	};
	objectVersion = 50;
	objects = {

/* Begin PBXBuildFile section */
		0B48189FC3293DD93DF3D1E2 /* RocketListModuleInput.swift in Sources */ = {isa = PBXBuildFile; fileRef = 487246DB2BF40FD4B80F66D4 /* RocketListModuleInput.swift */; };
		4F075FE2271EC15000417D69 /* RocketsCollectionViewCell.xib in Resources */ = {isa = PBXBuildFile; fileRef = 4F075FE1271EC15000417D69 /* RocketsCollectionViewCell.xib */; };
		4F093E5D27356CA30089F5E5 /* ModelDataStringConvertable.swift in Sources */ = {isa = PBXBuildFile; fileRef = 4F093E5C27356CA30089F5E5 /* ModelDataStringConvertable.swift */; };
		4F0BC9A52710A08900FB0FA0 /* RocketListCell.swift in Sources */ = {isa = PBXBuildFile; fileRef = 4F0BC9A32710A08900FB0FA0 /* RocketListCell.swift */; };
		4F0BC9A92710ADA700FB0FA0 /* Layout.swift in Sources */ = {isa = PBXBuildFile; fileRef = 4F0BC9A82710ADA700FB0FA0 /* Layout.swift */; };
		4F0BC9AC27149D8000FB0FA0 /* LoaderDisplayable.swift in Sources */ = {isa = PBXBuildFile; fileRef = 4F0BC9AB27149D8000FB0FA0 /* LoaderDisplayable.swift */; };
		4F0BC9B02715BB5800FB0FA0 /* DownloadManager.swift in Sources */ = {isa = PBXBuildFile; fileRef = 4F0BC9AF2715BB5800FB0FA0 /* DownloadManager.swift */; };
		4F0BC9B22715C57300FB0FA0 /* RocketService.swift in Sources */ = {isa = PBXBuildFile; fileRef = 4F0BC9B12715C57300FB0FA0 /* RocketService.swift */; };
		4F0BC9B72715D1BD00FB0FA0 /* JSONParser.swift in Sources */ = {isa = PBXBuildFile; fileRef = 4F0BC9B62715D1BD00FB0FA0 /* JSONParser.swift */; };
		4F4E202E27284D7A00ADB1D4 /* RocketListPresenter + CollectionView.swift in Sources */ = {isa = PBXBuildFile; fileRef = 4F4E202D27284D7A00ADB1D4 /* RocketListPresenter + CollectionView.swift */; };
		4F4E203027284E8800ADB1D4 /* RocketListViewController + CollectionView.swift in Sources */ = {isa = PBXBuildFile; fileRef = 4F4E202F27284E8800ADB1D4 /* RocketListViewController + CollectionView.swift */; };
		4F4E203427285A5E00ADB1D4 /* ImageDownloadOperation.swift in Sources */ = {isa = PBXBuildFile; fileRef = 4F4E203327285A5E00ADB1D4 /* ImageDownloadOperation.swift */; };
		4F712BE627034A1A00E80077 /* AppDelegate.swift in Sources */ = {isa = PBXBuildFile; fileRef = 4F712BE527034A1A00E80077 /* AppDelegate.swift */; };
		4F712BEA27034A1A00E80077 /* ViewController.swift in Sources */ = {isa = PBXBuildFile; fileRef = 4F712BE927034A1A00E80077 /* ViewController.swift */; };
		4F712BEF27034A1B00E80077 /* Assets.xcassets in Resources */ = {isa = PBXBuildFile; fileRef = 4F712BEE27034A1B00E80077 /* Assets.xcassets */; };
		4F712BF227034A1B00E80077 /* LaunchScreen.storyboard in Resources */ = {isa = PBXBuildFile; fileRef = 4F712BF027034A1B00E80077 /* LaunchScreen.storyboard */; };
		4F712BFD27034A1B00E80077 /* RSSchool_T11Tests.swift in Sources */ = {isa = PBXBuildFile; fileRef = 4F712BFC27034A1B00E80077 /* RSSchool_T11Tests.swift */; };
		4F712C0827034A1B00E80077 /* RSSchool_T11UITests.swift in Sources */ = {isa = PBXBuildFile; fileRef = 4F712C0727034A1B00E80077 /* RSSchool_T11UITests.swift */; };
		4F712C1727035A1A00E80077 /* ModuleTrasitionable.swift in Sources */ = {isa = PBXBuildFile; fileRef = 4F712C1627035A1A00E80077 /* ModuleTrasitionable.swift */; };
		4F712C1F270F1AD200E80077 /* Roboto-Medium.ttf in Resources */ = {isa = PBXBuildFile; fileRef = 4F712C1E270F1AD200E80077 /* Roboto-Medium.ttf */; };
		4F712C21270F1AE800E80077 /* Roboto-Bold.ttf in Resources */ = {isa = PBXBuildFile; fileRef = 4F712C20270F1AE800E80077 /* Roboto-Bold.ttf */; };
		4F712C2C270F1D7500E80077 /* UIFont.swift in Sources */ = {isa = PBXBuildFile; fileRef = 4F712C2B270F1D7400E80077 /* UIFont.swift */; };
		4F712C2E270F1FF500E80077 /* UIColor.swift in Sources */ = {isa = PBXBuildFile; fileRef = 4F712C2D270F1FF500E80077 /* UIColor.swift */; };
		4F712C362710520E00E80077 /* Rocket.swift in Sources */ = {isa = PBXBuildFile; fileRef = 4F712C352710520E00E80077 /* Rocket.swift */; };
		4FD08B152731890E00991150 /* RocketDetailViewController.xib in Resources */ = {isa = PBXBuildFile; fileRef = 4FD08B142731890E00991150 /* RocketDetailViewController.xib */; };
		4FD08B172733EB8C00991150 /* ModelDataDisplayable.swift in Sources */ = {isa = PBXBuildFile; fileRef = 4FD08B162733EB8C00991150 /* ModelDataDisplayable.swift */; };
		70DA521294D16FB8ED8E7AFD /* RocketListViewController.swift in Sources */ = {isa = PBXBuildFile; fileRef = 29877C5A14525B9B800811A6 /* RocketListViewController.swift */; };
		72F5315AAFD32CE6AA456335 /* RocketDetailModuleInput.swift in Sources */ = {isa = PBXBuildFile; fileRef = 0EED9C5DE9FD24E604F78BBB /* RocketDetailModuleInput.swift */; };
		7DB88B39337FDCEA14FADEF5 /* RocketDetailRouter.swift in Sources */ = {isa = PBXBuildFile; fileRef = A2B839DF5582B5E0555C9CA1 /* RocketDetailRouter.swift */; };
		7F75BC947FEFA56D80D7D69C /* RocketsListRouterTests.swift in Sources */ = {isa = PBXBuildFile; fileRef = BB5E9BEACA43838DA55D7F19 /* RocketsListRouterTests.swift */; };
		927BF85AA092E444100FD2B6 /* RocketListPresenter.swift in Sources */ = {isa = PBXBuildFile; fileRef = 54FF02C8C79208E0F79130BB /* RocketListPresenter.swift */; };
		940D29ADD142E7914589C539 /* RocketDetailModuleOutput.swift in Sources */ = {isa = PBXBuildFile; fileRef = E7B8DF894B65EB9F76542B78 /* RocketDetailModuleOutput.swift */; };
		9AF1DFC6200E34BE79E1439C /* RocketsListModuleConfigurator.swift in Sources */ = {isa = PBXBuildFile; fileRef = 9E0DBC7B08C8286C1B21A981 /* RocketsListModuleConfigurator.swift */; };
		A004031974AB3C3134C5D11C /* RocketsListRouter.swift in Sources */ = {isa = PBXBuildFile; fileRef = 8345DFD50989D1F465BF373A /* RocketsListRouter.swift */; };
		A0C1E7FE178A89BFB7FB0D67 /* RocketDetailViewOutput.swift in Sources */ = {isa = PBXBuildFile; fileRef = 254BF304E7E681E123829C99 /* RocketDetailViewOutput.swift */; };
		A200569F0EA3214DBA4CAA00 /* RocketListViewOutput.swift in Sources */ = {isa = PBXBuildFile; fileRef = 41C677C3B75E2CB7353DFD3E /* RocketListViewOutput.swift */; };
		A5D57433A121F0EC8D847ECD /* RocketDetailViewInput.swift in Sources */ = {isa = PBXBuildFile; fileRef = CFB107241E124D5843135BFD /* RocketDetailViewInput.swift */; };
		A9EB7E5D9E17FA22EBAF9BAB /* RocketsListModuleConfiguratorTests.swift in Sources */ = {isa = PBXBuildFile; fileRef = 3DF1A4AB347DCAA2FDC610CE /* RocketsListModuleConfiguratorTests.swift */; };
		B2C8BE64E9BAAD722C2B721C /* RocketDetailViewController.swift in Sources */ = {isa = PBXBuildFile; fileRef = EC312867C96B915CFEAC1AFA /* RocketDetailViewController.swift */; };
		B4B68FA613C71028B6F87139 /* RocketDetailRouterInput.swift in Sources */ = {isa = PBXBuildFile; fileRef = 70E6B8D68CE892BFB1C13213 /* RocketDetailRouterInput.swift */; };
		B6083F25899A97EC4C7D444D /* RocketsListPresenterTests.swift in Sources */ = {isa = PBXBuildFile; fileRef = B9674A8199796D252BB6D70E /* RocketsListPresenterTests.swift */; };
		BC536AFB9C432C5F0982EA14 /* RocketsListViewTests.swift in Sources */ = {isa = PBXBuildFile; fileRef = F9C35449A24093A1DDE7896C /* RocketsListViewTests.swift */; };
		C00B0C4488DE5FFBA8037FB1 /* RocketsListRouterInput.swift in Sources */ = {isa = PBXBuildFile; fileRef = 520735A20F621F456A8D6CBB /* RocketsListRouterInput.swift */; };
		F11FFF92566D4E6F727693FB /* RocketDetailPresenter.swift in Sources */ = {isa = PBXBuildFile; fileRef = A953F51CEAA2268E5C92C6A8 /* RocketDetailPresenter.swift */; };
		F29419DA48BCF6B4122DF5E1 /* RocketListViewInput.swift in Sources */ = {isa = PBXBuildFile; fileRef = 825CE811DED9B620037AAC90 /* RocketListViewInput.swift */; };
		F764FF70883C33CA247E8B40 /* RocketListModuleOutput.swift in Sources */ = {isa = PBXBuildFile; fileRef = 3D848C6B427F1A41BDEBF130 /* RocketListModuleOutput.swift */; };
		FCFB66B3F8E9014D2E1938A7 /* RocketDetailModuleConfigurator.swift in Sources */ = {isa = PBXBuildFile; fileRef = 0546201A9CD3F71D139A0AB5 /* RocketDetailModuleConfigurator.swift */; };
/* End PBXBuildFile section */

/* Begin PBXContainerItemProxy section */
		4F712BF927034A1B00E80077 /* PBXContainerItemProxy */ = {
			isa = PBXContainerItemProxy;
			containerPortal = 4F712BDA27034A1A00E80077 /* Project object */;
			proxyType = 1;
			remoteGlobalIDString = 4F712BE127034A1A00E80077;
			remoteInfo = RSSchool_T11;
		};
		4F712C0427034A1B00E80077 /* PBXContainerItemProxy */ = {
			isa = PBXContainerItemProxy;
			containerPortal = 4F712BDA27034A1A00E80077 /* Project object */;
			proxyType = 1;
			remoteGlobalIDString = 4F712BE127034A1A00E80077;
			remoteInfo = RSSchool_T11;
		};
/* End PBXContainerItemProxy section */

/* Begin PBXFileReference section */
		0546201A9CD3F71D139A0AB5 /* RocketDetailModuleConfigurator.swift */ = {isa = PBXFileReference; includeInIndex = 1; lastKnownFileType = sourcecode.swift; path = RocketDetailModuleConfigurator.swift; sourceTree = "<group>"; };
		0EED9C5DE9FD24E604F78BBB /* RocketDetailModuleInput.swift */ = {isa = PBXFileReference; includeInIndex = 1; lastKnownFileType = sourcecode.swift; path = RocketDetailModuleInput.swift; sourceTree = "<group>"; };
		254BF304E7E681E123829C99 /* RocketDetailViewOutput.swift */ = {isa = PBXFileReference; includeInIndex = 1; lastKnownFileType = sourcecode.swift; path = RocketDetailViewOutput.swift; sourceTree = "<group>"; };
		29877C5A14525B9B800811A6 /* RocketListViewController.swift */ = {isa = PBXFileReference; includeInIndex = 1; lastKnownFileType = sourcecode.swift; path = RocketListViewController.swift; sourceTree = "<group>"; };
		3D848C6B427F1A41BDEBF130 /* RocketListModuleOutput.swift */ = {isa = PBXFileReference; includeInIndex = 1; lastKnownFileType = sourcecode.swift; path = RocketListModuleOutput.swift; sourceTree = "<group>"; };
		3DF1A4AB347DCAA2FDC610CE /* RocketsListModuleConfiguratorTests.swift */ = {isa = PBXFileReference; includeInIndex = 1; lastKnownFileType = sourcecode.swift; path = RocketsListModuleConfiguratorTests.swift; sourceTree = "<group>"; };
		41C677C3B75E2CB7353DFD3E /* RocketListViewOutput.swift */ = {isa = PBXFileReference; includeInIndex = 1; lastKnownFileType = sourcecode.swift; path = RocketListViewOutput.swift; sourceTree = "<group>"; };
		487246DB2BF40FD4B80F66D4 /* RocketListModuleInput.swift */ = {isa = PBXFileReference; includeInIndex = 1; lastKnownFileType = sourcecode.swift; path = RocketListModuleInput.swift; sourceTree = "<group>"; };
		4F075FE1271EC15000417D69 /* RocketsCollectionViewCell.xib */ = {isa = PBXFileReference; fileEncoding = 4; lastKnownFileType = file.xib; path = RocketsCollectionViewCell.xib; sourceTree = "<group>"; };
		4F093E5C27356CA30089F5E5 /* ModelDataStringConvertable.swift */ = {isa = PBXFileReference; lastKnownFileType = sourcecode.swift; path = ModelDataStringConvertable.swift; sourceTree = "<group>"; };
		4F0BC9A32710A08900FB0FA0 /* RocketListCell.swift */ = {isa = PBXFileReference; lastKnownFileType = sourcecode.swift; path = RocketListCell.swift; sourceTree = "<group>"; };
		4F0BC9A82710ADA700FB0FA0 /* Layout.swift */ = {isa = PBXFileReference; lastKnownFileType = sourcecode.swift; path = Layout.swift; sourceTree = "<group>"; };
		4F0BC9AB27149D8000FB0FA0 /* LoaderDisplayable.swift */ = {isa = PBXFileReference; lastKnownFileType = sourcecode.swift; path = LoaderDisplayable.swift; sourceTree = "<group>"; };
		4F0BC9AF2715BB5800FB0FA0 /* DownloadManager.swift */ = {isa = PBXFileReference; lastKnownFileType = sourcecode.swift; path = DownloadManager.swift; sourceTree = "<group>"; };
		4F0BC9B12715C57300FB0FA0 /* RocketService.swift */ = {isa = PBXFileReference; lastKnownFileType = sourcecode.swift; path = RocketService.swift; sourceTree = "<group>"; };
		4F0BC9B62715D1BD00FB0FA0 /* JSONParser.swift */ = {isa = PBXFileReference; lastKnownFileType = sourcecode.swift; path = JSONParser.swift; sourceTree = "<group>"; };
		4F4E202D27284D7A00ADB1D4 /* RocketListPresenter + CollectionView.swift */ = {isa = PBXFileReference; lastKnownFileType = sourcecode.swift; path = "RocketListPresenter + CollectionView.swift"; sourceTree = "<group>"; };
		4F4E202F27284E8800ADB1D4 /* RocketListViewController + CollectionView.swift */ = {isa = PBXFileReference; lastKnownFileType = sourcecode.swift; path = "RocketListViewController + CollectionView.swift"; sourceTree = "<group>"; };
		4F4E203327285A5E00ADB1D4 /* ImageDownloadOperation.swift */ = {isa = PBXFileReference; lastKnownFileType = sourcecode.swift; path = ImageDownloadOperation.swift; sourceTree = "<group>"; };
		4F712BE227034A1A00E80077 /* RSSchool_T11.app */ = {isa = PBXFileReference; explicitFileType = wrapper.application; includeInIndex = 0; path = RSSchool_T11.app; sourceTree = BUILT_PRODUCTS_DIR; };
		4F712BE527034A1A00E80077 /* AppDelegate.swift */ = {isa = PBXFileReference; lastKnownFileType = sourcecode.swift; path = AppDelegate.swift; sourceTree = "<group>"; };
		4F712BE927034A1A00E80077 /* ViewController.swift */ = {isa = PBXFileReference; lastKnownFileType = sourcecode.swift; path = ViewController.swift; sourceTree = "<group>"; };
		4F712BEE27034A1B00E80077 /* Assets.xcassets */ = {isa = PBXFileReference; lastKnownFileType = folder.assetcatalog; path = Assets.xcassets; sourceTree = "<group>"; };
		4F712BF127034A1B00E80077 /* Base */ = {isa = PBXFileReference; lastKnownFileType = file.storyboard; name = Base; path = Base.lproj/LaunchScreen.storyboard; sourceTree = "<group>"; };
		4F712BF327034A1B00E80077 /* Info.plist */ = {isa = PBXFileReference; lastKnownFileType = text.plist.xml; path = Info.plist; sourceTree = "<group>"; };
		4F712BF827034A1B00E80077 /* RSSchool_T11Tests.xctest */ = {isa = PBXFileReference; explicitFileType = wrapper.cfbundle; includeInIndex = 0; path = RSSchool_T11Tests.xctest; sourceTree = BUILT_PRODUCTS_DIR; };
		4F712BFC27034A1B00E80077 /* RSSchool_T11Tests.swift */ = {isa = PBXFileReference; lastKnownFileType = sourcecode.swift; path = RSSchool_T11Tests.swift; sourceTree = "<group>"; };
		4F712BFE27034A1B00E80077 /* Info.plist */ = {isa = PBXFileReference; lastKnownFileType = text.plist.xml; path = Info.plist; sourceTree = "<group>"; };
		4F712C0327034A1B00E80077 /* RSSchool_T11UITests.xctest */ = {isa = PBXFileReference; explicitFileType = wrapper.cfbundle; includeInIndex = 0; path = RSSchool_T11UITests.xctest; sourceTree = BUILT_PRODUCTS_DIR; };
		4F712C0727034A1B00E80077 /* RSSchool_T11UITests.swift */ = {isa = PBXFileReference; lastKnownFileType = sourcecode.swift; path = RSSchool_T11UITests.swift; sourceTree = "<group>"; };
		4F712C0927034A1B00E80077 /* Info.plist */ = {isa = PBXFileReference; lastKnownFileType = text.plist.xml; path = Info.plist; sourceTree = "<group>"; };
		4F712C1627035A1A00E80077 /* ModuleTrasitionable.swift */ = {isa = PBXFileReference; lastKnownFileType = sourcecode.swift; path = ModuleTrasitionable.swift; sourceTree = "<group>"; };
		4F712C1E270F1AD200E80077 /* Roboto-Medium.ttf */ = {isa = PBXFileReference; lastKnownFileType = file; path = "Roboto-Medium.ttf"; sourceTree = "<group>"; };
		4F712C20270F1AE800E80077 /* Roboto-Bold.ttf */ = {isa = PBXFileReference; lastKnownFileType = file; path = "Roboto-Bold.ttf"; sourceTree = "<group>"; };
		4F712C2B270F1D7400E80077 /* UIFont.swift */ = {isa = PBXFileReference; fileEncoding = 4; lastKnownFileType = sourcecode.swift; path = UIFont.swift; sourceTree = "<group>"; };
		4F712C2D270F1FF500E80077 /* UIColor.swift */ = {isa = PBXFileReference; lastKnownFileType = sourcecode.swift; path = UIColor.swift; sourceTree = "<group>"; };
		4F712C352710520E00E80077 /* Rocket.swift */ = {isa = PBXFileReference; lastKnownFileType = sourcecode.swift; path = Rocket.swift; sourceTree = "<group>"; };
		4FD08B142731890E00991150 /* RocketDetailViewController.xib */ = {isa = PBXFileReference; lastKnownFileType = file.xib; path = RocketDetailViewController.xib; sourceTree = "<group>"; };
		4FD08B162733EB8C00991150 /* ModelDataDisplayable.swift */ = {isa = PBXFileReference; lastKnownFileType = sourcecode.swift; path = ModelDataDisplayable.swift; sourceTree = "<group>"; };
		520735A20F621F456A8D6CBB /* RocketsListRouterInput.swift */ = {isa = PBXFileReference; includeInIndex = 1; lastKnownFileType = sourcecode.swift; path = RocketsListRouterInput.swift; sourceTree = "<group>"; };
		54FF02C8C79208E0F79130BB /* RocketListPresenter.swift */ = {isa = PBXFileReference; includeInIndex = 1; lastKnownFileType = sourcecode.swift; path = RocketListPresenter.swift; sourceTree = "<group>"; };
		70E6B8D68CE892BFB1C13213 /* RocketDetailRouterInput.swift */ = {isa = PBXFileReference; includeInIndex = 1; lastKnownFileType = sourcecode.swift; path = RocketDetailRouterInput.swift; sourceTree = "<group>"; };
		825CE811DED9B620037AAC90 /* RocketListViewInput.swift */ = {isa = PBXFileReference; includeInIndex = 1; lastKnownFileType = sourcecode.swift; path = RocketListViewInput.swift; sourceTree = "<group>"; };
		8345DFD50989D1F465BF373A /* RocketsListRouter.swift */ = {isa = PBXFileReference; includeInIndex = 1; lastKnownFileType = sourcecode.swift; path = RocketsListRouter.swift; sourceTree = "<group>"; };
		9E0DBC7B08C8286C1B21A981 /* RocketsListModuleConfigurator.swift */ = {isa = PBXFileReference; includeInIndex = 1; lastKnownFileType = sourcecode.swift; path = RocketsListModuleConfigurator.swift; sourceTree = "<group>"; };
		A2B839DF5582B5E0555C9CA1 /* RocketDetailRouter.swift */ = {isa = PBXFileReference; includeInIndex = 1; lastKnownFileType = sourcecode.swift; path = RocketDetailRouter.swift; sourceTree = "<group>"; };
		A953F51CEAA2268E5C92C6A8 /* RocketDetailPresenter.swift */ = {isa = PBXFileReference; includeInIndex = 1; lastKnownFileType = sourcecode.swift; path = RocketDetailPresenter.swift; sourceTree = "<group>"; };
		B9674A8199796D252BB6D70E /* RocketsListPresenterTests.swift */ = {isa = PBXFileReference; includeInIndex = 1; lastKnownFileType = sourcecode.swift; path = RocketsListPresenterTests.swift; sourceTree = "<group>"; };
		BB5E9BEACA43838DA55D7F19 /* RocketsListRouterTests.swift */ = {isa = PBXFileReference; includeInIndex = 1; lastKnownFileType = sourcecode.swift; path = RocketsListRouterTests.swift; sourceTree = "<group>"; };
		CFB107241E124D5843135BFD /* RocketDetailViewInput.swift */ = {isa = PBXFileReference; includeInIndex = 1; lastKnownFileType = sourcecode.swift; path = RocketDetailViewInput.swift; sourceTree = "<group>"; };
		E7B8DF894B65EB9F76542B78 /* RocketDetailModuleOutput.swift */ = {isa = PBXFileReference; includeInIndex = 1; lastKnownFileType = sourcecode.swift; path = RocketDetailModuleOutput.swift; sourceTree = "<group>"; };
		EC312867C96B915CFEAC1AFA /* RocketDetailViewController.swift */ = {isa = PBXFileReference; includeInIndex = 1; lastKnownFileType = sourcecode.swift; path = RocketDetailViewController.swift; sourceTree = "<group>"; };
		F9C35449A24093A1DDE7896C /* RocketsListViewTests.swift */ = {isa = PBXFileReference; includeInIndex = 1; lastKnownFileType = sourcecode.swift; path = RocketsListViewTests.swift; sourceTree = "<group>"; };
/* End PBXFileReference section */

/* Begin PBXFrameworksBuildPhase section */
		4F712BDF27034A1A00E80077 /* Frameworks */ = {
			isa = PBXFrameworksBuildPhase;
			buildActionMask = 2147483647;
			files = (
			);
			runOnlyForDeploymentPostprocessing = 0;
		};
		4F712BF527034A1B00E80077 /* Frameworks */ = {
			isa = PBXFrameworksBuildPhase;
			buildActionMask = 2147483647;
			files = (
			);
			runOnlyForDeploymentPostprocessing = 0;
		};
		4F712C0027034A1B00E80077 /* Frameworks */ = {
			isa = PBXFrameworksBuildPhase;
			buildActionMask = 2147483647;
			files = (
			);
			runOnlyForDeploymentPostprocessing = 0;
		};
/* End PBXFrameworksBuildPhase section */

/* Begin PBXGroup section */
		01332D829F5AD1FE06723159 /* Router */ = {
			isa = PBXGroup;
			children = (
				BB5E9BEACA43838DA55D7F19 /* RocketsListRouterTests.swift */,
			);
			path = Router;
			sourceTree = "<group>";
		};
		078F533CBE2E4145136D42D9 /* Router */ = {
			isa = PBXGroup;
			children = (
				A2B839DF5582B5E0555C9CA1 /* RocketDetailRouter.swift */,
				70E6B8D68CE892BFB1C13213 /* RocketDetailRouterInput.swift */,
			);
			path = Router;
			sourceTree = "<group>";
		};
		140D5CEDA302854DD294796F /* Router */ = {
			isa = PBXGroup;
			children = (
				8345DFD50989D1F465BF373A /* RocketsListRouter.swift */,
				520735A20F621F456A8D6CBB /* RocketsListRouterInput.swift */,
			);
			path = Router;
			sourceTree = "<group>";
		};
		3057C9120EAB2DCA2B5267B0 /* Presenter */ = {
			isa = PBXGroup;
			children = (
				4F4E20312728511000ADB1D4 /* Protocols */,
				54FF02C8C79208E0F79130BB /* RocketListPresenter.swift */,
				4F4E202D27284D7A00ADB1D4 /* RocketListPresenter + CollectionView.swift */,
			);
			path = Presenter;
			sourceTree = "<group>";
		};
		305B542082A89ECB4CBC090F /* RocketsList */ = {
			isa = PBXGroup;
			children = (
				F7346B82F09C65CC35125133 /* Configurator */,
				140D5CEDA302854DD294796F /* Router */,
				3057C9120EAB2DCA2B5267B0 /* Presenter */,
				70732F505293485B7AA71896 /* View */,
			);
			path = RocketsList;
			sourceTree = "<group>";
		};
		41F4E950B2E55CEF11B161D9 /* View */ = {
			isa = PBXGroup;
			children = (
				F9C35449A24093A1DDE7896C /* RocketsListViewTests.swift */,
			);
			path = View;
			sourceTree = "<group>";
		};
		4F0BC9A227109F5D00FB0FA0 /* RocketsListCell */ = {
			isa = PBXGroup;
			children = (
				4F0BC9A32710A08900FB0FA0 /* RocketListCell.swift */,
				4F075FE1271EC15000417D69 /* RocketsCollectionViewCell.xib */,
			);
			path = RocketsListCell;
			sourceTree = "<group>";
		};
		4F0BC9A72710AD9400FB0FA0 /* Constants */ = {
			isa = PBXGroup;
			children = (
				4F0BC9A82710ADA700FB0FA0 /* Layout.swift */,
			);
			path = Constants;
			sourceTree = "<group>";
		};
		4F0BC9AA27149D6800FB0FA0 /* Protocols */ = {
			isa = PBXGroup;
			children = (
				4F0BC9AB27149D8000FB0FA0 /* LoaderDisplayable.swift */,
				4FD08B162733EB8C00991150 /* ModelDataDisplayable.swift */,
				4F093E5C27356CA30089F5E5 /* ModelDataStringConvertable.swift */,
			);
			path = Protocols;
			sourceTree = "<group>";
		};
		4F0BC9AD2715BB1500FB0FA0 /* Services */ = {
			isa = PBXGroup;
			children = (
				4F0BC9B12715C57300FB0FA0 /* RocketService.swift */,
			);
			path = Services;
			sourceTree = "<group>";
		};
		4F0BC9AE2715BB4300FB0FA0 /* Managers */ = {
			isa = PBXGroup;
			children = (
				4F0BC9AF2715BB5800FB0FA0 /* DownloadManager.swift */,
				4F4E203327285A5E00ADB1D4 /* ImageDownloadOperation.swift */,
			);
			path = Managers;
			sourceTree = "<group>";
		};
		4F0BC9B32715CD1900FB0FA0 /* Parsers */ = {
			isa = PBXGroup;
			children = (
				4F0BC9B62715D1BD00FB0FA0 /* JSONParser.swift */,
			);
			path = Parsers;
			sourceTree = "<group>";
		};
		4F4E20312728511000ADB1D4 /* Protocols */ = {
			isa = PBXGroup;
			children = (
				487246DB2BF40FD4B80F66D4 /* RocketListModuleInput.swift */,
				3D848C6B427F1A41BDEBF130 /* RocketListModuleOutput.swift */,
			);
			path = Protocols;
			sourceTree = "<group>";
		};
		4F4E20322728512A00ADB1D4 /* Protocols */ = {
			isa = PBXGroup;
			children = (
				825CE811DED9B620037AAC90 /* RocketListViewInput.swift */,
				41C677C3B75E2CB7353DFD3E /* RocketListViewOutput.swift */,
			);
			path = Protocols;
			sourceTree = "<group>";
		};
		4F712BD927034A1A00E80077 = {
			isa = PBXGroup;
			children = (
				4F712BE427034A1A00E80077 /* RSSchool_T11 */,
				4F712BFB27034A1B00E80077 /* RSSchool_T11Tests */,
				4F712C0627034A1B00E80077 /* RSSchool_T11UITests */,
				4F712BE327034A1A00E80077 /* Products */,
			);
			sourceTree = "<group>";
		};
		4F712BE327034A1A00E80077 /* Products */ = {
			isa = PBXGroup;
			children = (
				4F712BE227034A1A00E80077 /* RSSchool_T11.app */,
				4F712BF827034A1B00E80077 /* RSSchool_T11Tests.xctest */,
				4F712C0327034A1B00E80077 /* RSSchool_T11UITests.xctest */,
			);
			name = Products;
			sourceTree = "<group>";
		};
		4F712BE427034A1A00E80077 /* RSSchool_T11 */ = {
			isa = PBXGroup;
			children = (
				4F712BE527034A1A00E80077 /* AppDelegate.swift */,
				4F712BE927034A1A00E80077 /* ViewController.swift */,
				4F712BEE27034A1B00E80077 /* Assets.xcassets */,
				4F712BF027034A1B00E80077 /* LaunchScreen.storyboard */,
				4F712BF327034A1B00E80077 /* Info.plist */,
				4F712C34271051F300E80077 /* Models */,
				4F0BC9B32715CD1900FB0FA0 /* Parsers */,
				4F0BC9AD2715BB1500FB0FA0 /* Services */,
				4F0BC9AE2715BB4300FB0FA0 /* Managers */,
				4F712C15270359FD00E80077 /* Support */,
				53AB295CB96F5D8C43AB7EE3 /* Screens */,
				4F712C29270F1D7400E80077 /* Library */,
				4F712C19270F16A600E80077 /* Resources */,
			);
			path = RSSchool_T11;
			sourceTree = "<group>";
		};
		4F712BFB27034A1B00E80077 /* RSSchool_T11Tests */ = {
			isa = PBXGroup;
			children = (
				4F712BFC27034A1B00E80077 /* RSSchool_T11Tests.swift */,
				9FB365B53DACBA251AB0D667 /* Screens */,
				4F712BFE27034A1B00E80077 /* Info.plist */,
			);
			path = RSSchool_T11Tests;
			sourceTree = "<group>";
		};
		4F712C0627034A1B00E80077 /* RSSchool_T11UITests */ = {
			isa = PBXGroup;
			children = (
				4F712C0727034A1B00E80077 /* RSSchool_T11UITests.swift */,
				4F712C0927034A1B00E80077 /* Info.plist */,
			);
			path = RSSchool_T11UITests;
			sourceTree = "<group>";
		};
		4F712C15270359FD00E80077 /* Support */ = {
			isa = PBXGroup;
			children = (
				4F712C1627035A1A00E80077 /* ModuleTrasitionable.swift */,
			);
			path = Support;
			sourceTree = "<group>";
		};
		4F712C19270F16A600E80077 /* Resources */ = {
			isa = PBXGroup;
			children = (
				4F0BC9A72710AD9400FB0FA0 /* Constants */,
				4F712C1B270F16EA00E80077 /* Fonts */,
			);
			path = Resources;
			sourceTree = "<group>";
		};
		4F712C1B270F16EA00E80077 /* Fonts */ = {
			isa = PBXGroup;
			children = (
				4F712C20270F1AE800E80077 /* Roboto-Bold.ttf */,
				4F712C1E270F1AD200E80077 /* Roboto-Medium.ttf */,
			);
			path = Fonts;
			sourceTree = "<group>";
		};
		4F712C29270F1D7400E80077 /* Library */ = {
			isa = PBXGroup;
			children = (
				4F0BC9AA27149D6800FB0FA0 /* Protocols */,
				4F712C2A270F1D7400E80077 /* Extensions */,
			);
			path = Library;
			sourceTree = "<group>";
		};
		4F712C2A270F1D7400E80077 /* Extensions */ = {
			isa = PBXGroup;
			children = (
				4F712C2B270F1D7400E80077 /* UIFont.swift */,
				4F712C2D270F1FF500E80077 /* UIColor.swift */,
			);
			path = Extensions;
			sourceTree = "<group>";
		};
		4F712C34271051F300E80077 /* Models */ = {
			isa = PBXGroup;
			children = (
				4F712C352710520E00E80077 /* Rocket.swift */,
			);
			path = Models;
			sourceTree = "<group>";
		};
		4FFD1BA9273014A700A5E347 /* Protocols */ = {
			isa = PBXGroup;
			children = (
				0EED9C5DE9FD24E604F78BBB /* RocketDetailModuleInput.swift */,
				E7B8DF894B65EB9F76542B78 /* RocketDetailModuleOutput.swift */,
			);
			path = Protocols;
			sourceTree = "<group>";
		};
		4FFD1BAA273014BB00A5E347 /* Protocols */ = {
			isa = PBXGroup;
			children = (
				CFB107241E124D5843135BFD /* RocketDetailViewInput.swift */,
				254BF304E7E681E123829C99 /* RocketDetailViewOutput.swift */,
			);
			path = Protocols;
			sourceTree = "<group>";
		};
		53AB295CB96F5D8C43AB7EE3 /* Screens */ = {
			isa = PBXGroup;
			children = (
				305B542082A89ECB4CBC090F /* RocketsList */,
				8B6DB3D1E6C6D2D3010C8432 /* RocketDetail */,
			);
			path = Screens;
			sourceTree = "<group>";
		};
		5696E63A8F08AD037526F131 /* Presenter */ = {
			isa = PBXGroup;
			children = (
				B9674A8199796D252BB6D70E /* RocketsListPresenterTests.swift */,
			);
			path = Presenter;
			sourceTree = "<group>";
		};
		70732F505293485B7AA71896 /* View */ = {
			isa = PBXGroup;
			children = (
				4F4E20322728512A00ADB1D4 /* Protocols */,
				4F0BC9A227109F5D00FB0FA0 /* RocketsListCell */,
				29877C5A14525B9B800811A6 /* RocketListViewController.swift */,
				4F4E202F27284E8800ADB1D4 /* RocketListViewController + CollectionView.swift */,
			);
			path = View;
			sourceTree = "<group>";
		};
		8475FB477F2F5FF0151EA9CA /* Configurator */ = {
			isa = PBXGroup;
			children = (
				0546201A9CD3F71D139A0AB5 /* RocketDetailModuleConfigurator.swift */,
			);
			path = Configurator;
			sourceTree = "<group>";
		};
		8B6DB3D1E6C6D2D3010C8432 /* RocketDetail */ = {
			isa = PBXGroup;
			children = (
				8475FB477F2F5FF0151EA9CA /* Configurator */,
				078F533CBE2E4145136D42D9 /* Router */,
				9C329A6E31B1BF6C9982DFDB /* Presenter */,
				F2F971B5287E6BF4CCE3B3FF /* View */,
			);
			path = RocketDetail;
			sourceTree = "<group>";
		};
		9C329A6E31B1BF6C9982DFDB /* Presenter */ = {
			isa = PBXGroup;
			children = (
				4FFD1BA9273014A700A5E347 /* Protocols */,
				A953F51CEAA2268E5C92C6A8 /* RocketDetailPresenter.swift */,
			);
			path = Presenter;
			sourceTree = "<group>";
		};
		9FB365B53DACBA251AB0D667 /* Screens */ = {
			isa = PBXGroup;
			children = (
				F9889940BC1A24B776A2EB49 /* RocketsList */,
			);
			path = Screens;
			sourceTree = "<group>";
		};
		F2F971B5287E6BF4CCE3B3FF /* View */ = {
			isa = PBXGroup;
			children = (
				4FFD1BAA273014BB00A5E347 /* Protocols */,
				EC312867C96B915CFEAC1AFA /* RocketDetailViewController.swift */,
				4FD08B142731890E00991150 /* RocketDetailViewController.xib */,
			);
			path = View;
			sourceTree = "<group>";
		};
		F4015398DA38644A2C84F259 /* Configurator */ = {
			isa = PBXGroup;
			children = (
				3DF1A4AB347DCAA2FDC610CE /* RocketsListModuleConfiguratorTests.swift */,
			);
			path = Configurator;
			sourceTree = "<group>";
		};
		F7346B82F09C65CC35125133 /* Configurator */ = {
			isa = PBXGroup;
			children = (
				9E0DBC7B08C8286C1B21A981 /* RocketsListModuleConfigurator.swift */,
			);
			path = Configurator;
			sourceTree = "<group>";
		};
		F9889940BC1A24B776A2EB49 /* RocketsList */ = {
			isa = PBXGroup;
			children = (
				F4015398DA38644A2C84F259 /* Configurator */,
				01332D829F5AD1FE06723159 /* Router */,
				5696E63A8F08AD037526F131 /* Presenter */,
				41F4E950B2E55CEF11B161D9 /* View */,
			);
			path = RocketsList;
			sourceTree = "<group>";
		};
/* End PBXGroup section */

/* Begin PBXNativeTarget section */
		4F712BE127034A1A00E80077 /* RSSchool_T11 */ = {
			isa = PBXNativeTarget;
			buildConfigurationList = 4F712C0C27034A1B00E80077 /* Build configuration list for PBXNativeTarget "RSSchool_T11" */;
			buildPhases = (
				4F712BDE27034A1A00E80077 /* Sources */,
				4F712BDF27034A1A00E80077 /* Frameworks */,
				4F712BE027034A1A00E80077 /* Resources */,
			);
			buildRules = (
			);
			dependencies = (
			);
			name = RSSchool_T11;
			productName = RSSchool_T11;
			productReference = 4F712BE227034A1A00E80077 /* RSSchool_T11.app */;
			productType = "com.apple.product-type.application";
		};
		4F712BF727034A1B00E80077 /* RSSchool_T11Tests */ = {
			isa = PBXNativeTarget;
			buildConfigurationList = 4F712C0F27034A1B00E80077 /* Build configuration list for PBXNativeTarget "RSSchool_T11Tests" */;
			buildPhases = (
				4F712BF427034A1B00E80077 /* Sources */,
				4F712BF527034A1B00E80077 /* Frameworks */,
				4F712BF627034A1B00E80077 /* Resources */,
			);
			buildRules = (
			);
			dependencies = (
				4F712BFA27034A1B00E80077 /* PBXTargetDependency */,
			);
			name = RSSchool_T11Tests;
			productName = RSSchool_T11Tests;
			productReference = 4F712BF827034A1B00E80077 /* RSSchool_T11Tests.xctest */;
			productType = "com.apple.product-type.bundle.unit-test";
		};
		4F712C0227034A1B00E80077 /* RSSchool_T11UITests */ = {
			isa = PBXNativeTarget;
			buildConfigurationList = 4F712C1227034A1B00E80077 /* Build configuration list for PBXNativeTarget "RSSchool_T11UITests" */;
			buildPhases = (
				4F712BFF27034A1B00E80077 /* Sources */,
				4F712C0027034A1B00E80077 /* Frameworks */,
				4F712C0127034A1B00E80077 /* Resources */,
			);
			buildRules = (
			);
			dependencies = (
				4F712C0527034A1B00E80077 /* PBXTargetDependency */,
			);
			name = RSSchool_T11UITests;
			productName = RSSchool_T11UITests;
			productReference = 4F712C0327034A1B00E80077 /* RSSchool_T11UITests.xctest */;
			productType = "com.apple.product-type.bundle.ui-testing";
		};
/* End PBXNativeTarget section */

/* Begin PBXProject section */
		4F712BDA27034A1A00E80077 /* Project object */ = {
			isa = PBXProject;
			attributes = {
				LastSwiftUpdateCheck = 1250;
				LastUpgradeCheck = 1250;
				TargetAttributes = {
					4F712BE127034A1A00E80077 = {
						CreatedOnToolsVersion = 12.5.1;
					};
					4F712BF727034A1B00E80077 = {
						CreatedOnToolsVersion = 12.5.1;
						TestTargetID = 4F712BE127034A1A00E80077;
					};
					4F712C0227034A1B00E80077 = {
						CreatedOnToolsVersion = 12.5.1;
						TestTargetID = 4F712BE127034A1A00E80077;
					};
				};
			};
			buildConfigurationList = 4F712BDD27034A1A00E80077 /* Build configuration list for PBXProject "RSSchool_T11" */;
			compatibilityVersion = "Xcode 9.3";
			developmentRegion = en;
			hasScannedForEncodings = 0;
			knownRegions = (
				en,
				Base,
			);
			mainGroup = 4F712BD927034A1A00E80077;
			productRefGroup = 4F712BE327034A1A00E80077 /* Products */;
			projectDirPath = "";
			projectRoot = "";
			targets = (
				4F712BE127034A1A00E80077 /* RSSchool_T11 */,
				4F712BF727034A1B00E80077 /* RSSchool_T11Tests */,
				4F712C0227034A1B00E80077 /* RSSchool_T11UITests */,
			);
		};
/* End PBXProject section */

/* Begin PBXResourcesBuildPhase section */
		4F712BE027034A1A00E80077 /* Resources */ = {
			isa = PBXResourcesBuildPhase;
			buildActionMask = 2147483647;
			files = (
				4F712BF227034A1B00E80077 /* LaunchScreen.storyboard in Resources */,
				4FD08B152731890E00991150 /* RocketDetailViewController.xib in Resources */,
				4F712BEF27034A1B00E80077 /* Assets.xcassets in Resources */,
				4F712C21270F1AE800E80077 /* Roboto-Bold.ttf in Resources */,
				4F075FE2271EC15000417D69 /* RocketsCollectionViewCell.xib in Resources */,
				4F712C1F270F1AD200E80077 /* Roboto-Medium.ttf in Resources */,
			);
			runOnlyForDeploymentPostprocessing = 0;
		};
		4F712BF627034A1B00E80077 /* Resources */ = {
			isa = PBXResourcesBuildPhase;
			buildActionMask = 2147483647;
			files = (
			);
			runOnlyForDeploymentPostprocessing = 0;
		};
		4F712C0127034A1B00E80077 /* Resources */ = {
			isa = PBXResourcesBuildPhase;
			buildActionMask = 2147483647;
			files = (
			);
			runOnlyForDeploymentPostprocessing = 0;
		};
/* End PBXResourcesBuildPhase section */

/* Begin PBXSourcesBuildPhase section */
		4F712BDE27034A1A00E80077 /* Sources */ = {
			isa = PBXSourcesBuildPhase;
			buildActionMask = 2147483647;
			files = (
				4F712BEA27034A1A00E80077 /* ViewController.swift in Sources */,
				4F0BC9B22715C57300FB0FA0 /* RocketService.swift in Sources */,
				4F4E203027284E8800ADB1D4 /* RocketListViewController + CollectionView.swift in Sources */,
				4F0BC9B72715D1BD00FB0FA0 /* JSONParser.swift in Sources */,
				4F712C2E270F1FF500E80077 /* UIColor.swift in Sources */,
				4F712BE627034A1A00E80077 /* AppDelegate.swift in Sources */,
				9AF1DFC6200E34BE79E1439C /* RocketsListModuleConfigurator.swift in Sources */,
				4F712C1727035A1A00E80077 /* ModuleTrasitionable.swift in Sources */,
				4F4E202E27284D7A00ADB1D4 /* RocketListPresenter + CollectionView.swift in Sources */,
				A004031974AB3C3134C5D11C /* RocketsListRouter.swift in Sources */,
				4F0BC9AC27149D8000FB0FA0 /* LoaderDisplayable.swift in Sources */,
				4F4E203427285A5E00ADB1D4 /* ImageDownloadOperation.swift in Sources */,
				C00B0C4488DE5FFBA8037FB1 /* RocketsListRouterInput.swift in Sources */,
				927BF85AA092E444100FD2B6 /* RocketListPresenter.swift in Sources */,
				4F712C362710520E00E80077 /* Rocket.swift in Sources */,
				4F0BC9A52710A08900FB0FA0 /* RocketListCell.swift in Sources */,
				0B48189FC3293DD93DF3D1E2 /* RocketListModuleInput.swift in Sources */,
				4F0BC9B02715BB5800FB0FA0 /* DownloadManager.swift in Sources */,
				F764FF70883C33CA247E8B40 /* RocketListModuleOutput.swift in Sources */,
				4F0BC9A92710ADA700FB0FA0 /* Layout.swift in Sources */,
				4F712C2C270F1D7500E80077 /* UIFont.swift in Sources */,
				70DA521294D16FB8ED8E7AFD /* RocketListViewController.swift in Sources */,
				4FD08B172733EB8C00991150 /* ModelDataDisplayable.swift in Sources */,
				F29419DA48BCF6B4122DF5E1 /* RocketListViewInput.swift in Sources */,
				A200569F0EA3214DBA4CAA00 /* RocketListViewOutput.swift in Sources */,
				FCFB66B3F8E9014D2E1938A7 /* RocketDetailModuleConfigurator.swift in Sources */,
				7DB88B39337FDCEA14FADEF5 /* RocketDetailRouter.swift in Sources */,
				B4B68FA613C71028B6F87139 /* RocketDetailRouterInput.swift in Sources */,
				F11FFF92566D4E6F727693FB /* RocketDetailPresenter.swift in Sources */,
				72F5315AAFD32CE6AA456335 /* RocketDetailModuleInput.swift in Sources */,
				4F093E5D27356CA30089F5E5 /* ModelDataStringConvertable.swift in Sources */,
				940D29ADD142E7914589C539 /* RocketDetailModuleOutput.swift in Sources */,
				B2C8BE64E9BAAD722C2B721C /* RocketDetailViewController.swift in Sources */,
				A5D57433A121F0EC8D847ECD /* RocketDetailViewInput.swift in Sources */,
				A0C1E7FE178A89BFB7FB0D67 /* RocketDetailViewOutput.swift in Sources */,
			);
			runOnlyForDeploymentPostprocessing = 0;
		};
		4F712BF427034A1B00E80077 /* Sources */ = {
			isa = PBXSourcesBuildPhase;
			buildActionMask = 2147483647;
			files = (
				4F712BFD27034A1B00E80077 /* RSSchool_T11Tests.swift in Sources */,
				A9EB7E5D9E17FA22EBAF9BAB /* RocketsListModuleConfiguratorTests.swift in Sources */,
				7F75BC947FEFA56D80D7D69C /* RocketsListRouterTests.swift in Sources */,
				B6083F25899A97EC4C7D444D /* RocketsListPresenterTests.swift in Sources */,
				BC536AFB9C432C5F0982EA14 /* RocketsListViewTests.swift in Sources */,
			);
			runOnlyForDeploymentPostprocessing = 0;
		};
		4F712BFF27034A1B00E80077 /* Sources */ = {
			isa = PBXSourcesBuildPhase;
			buildActionMask = 2147483647;
			files = (
				4F712C0827034A1B00E80077 /* RSSchool_T11UITests.swift in Sources */,
			);
			runOnlyForDeploymentPostprocessing = 0;
		};
/* End PBXSourcesBuildPhase section */

/* Begin PBXTargetDependency section */
		4F712BFA27034A1B00E80077 /* PBXTargetDependency */ = {
			isa = PBXTargetDependency;
			target = 4F712BE127034A1A00E80077 /* RSSchool_T11 */;
			targetProxy = 4F712BF927034A1B00E80077 /* PBXContainerItemProxy */;
		};
		4F712C0527034A1B00E80077 /* PBXTargetDependency */ = {
			isa = PBXTargetDependency;
			target = 4F712BE127034A1A00E80077 /* RSSchool_T11 */;
			targetProxy = 4F712C0427034A1B00E80077 /* PBXContainerItemProxy */;
		};
/* End PBXTargetDependency section */

/* Begin PBXVariantGroup section */
		4F712BF027034A1B00E80077 /* LaunchScreen.storyboard */ = {
			isa = PBXVariantGroup;
			children = (
				4F712BF127034A1B00E80077 /* Base */,
			);
			name = LaunchScreen.storyboard;
			sourceTree = "<group>";
		};
/* End PBXVariantGroup section */

/* Begin XCBuildConfiguration section */
		4F712C0A27034A1B00E80077 /* Debug */ = {
			isa = XCBuildConfiguration;
			buildSettings = {
				ALWAYS_SEARCH_USER_PATHS = NO;
				CLANG_ANALYZER_NONNULL = YES;
				CLANG_ANALYZER_NUMBER_OBJECT_CONVERSION = YES_AGGRESSIVE;
				CLANG_CXX_LANGUAGE_STANDARD = "gnu++14";
				CLANG_CXX_LIBRARY = "libc++";
				CLANG_ENABLE_MODULES = YES;
				CLANG_ENABLE_OBJC_ARC = YES;
				CLANG_ENABLE_OBJC_WEAK = YES;
				CLANG_WARN_BLOCK_CAPTURE_AUTORELEASING = YES;
				CLANG_WARN_BOOL_CONVERSION = YES;
				CLANG_WARN_COMMA = YES;
				CLANG_WARN_CONSTANT_CONVERSION = YES;
				CLANG_WARN_DEPRECATED_OBJC_IMPLEMENTATIONS = YES;
				CLANG_WARN_DIRECT_OBJC_ISA_USAGE = YES_ERROR;
				CLANG_WARN_DOCUMENTATION_COMMENTS = YES;
				CLANG_WARN_EMPTY_BODY = YES;
				CLANG_WARN_ENUM_CONVERSION = YES;
				CLANG_WARN_INFINITE_RECURSION = YES;
				CLANG_WARN_INT_CONVERSION = YES;
				CLANG_WARN_NON_LITERAL_NULL_CONVERSION = YES;
				CLANG_WARN_OBJC_IMPLICIT_RETAIN_SELF = YES;
				CLANG_WARN_OBJC_LITERAL_CONVERSION = YES;
				CLANG_WARN_OBJC_ROOT_CLASS = YES_ERROR;
				CLANG_WARN_QUOTED_INCLUDE_IN_FRAMEWORK_HEADER = YES;
				CLANG_WARN_RANGE_LOOP_ANALYSIS = YES;
				CLANG_WARN_STRICT_PROTOTYPES = YES;
				CLANG_WARN_SUSPICIOUS_MOVE = YES;
				CLANG_WARN_UNGUARDED_AVAILABILITY = YES_AGGRESSIVE;
				CLANG_WARN_UNREACHABLE_CODE = YES;
				CLANG_WARN__DUPLICATE_METHOD_MATCH = YES;
				COPY_PHASE_STRIP = NO;
				DEBUG_INFORMATION_FORMAT = dwarf;
				ENABLE_STRICT_OBJC_MSGSEND = YES;
				ENABLE_TESTABILITY = YES;
				GCC_C_LANGUAGE_STANDARD = gnu11;
				GCC_DYNAMIC_NO_PIC = NO;
				GCC_NO_COMMON_BLOCKS = YES;
				GCC_OPTIMIZATION_LEVEL = 0;
				GCC_PREPROCESSOR_DEFINITIONS = (
					"DEBUG=1",
					"$(inherited)",
				);
				GCC_WARN_64_TO_32_BIT_CONVERSION = YES;
				GCC_WARN_ABOUT_RETURN_TYPE = YES_ERROR;
				GCC_WARN_UNDECLARED_SELECTOR = YES;
				GCC_WARN_UNINITIALIZED_AUTOS = YES_AGGRESSIVE;
				GCC_WARN_UNUSED_FUNCTION = YES;
				GCC_WARN_UNUSED_VARIABLE = YES;
				IPHONEOS_DEPLOYMENT_TARGET = 12.1;
				MTL_ENABLE_DEBUG_INFO = INCLUDE_SOURCE;
				MTL_FAST_MATH = YES;
				ONLY_ACTIVE_ARCH = YES;
				SDKROOT = iphoneos;
				SWIFT_ACTIVE_COMPILATION_CONDITIONS = DEBUG;
				SWIFT_OPTIMIZATION_LEVEL = "-Onone";
			};
			name = Debug;
		};
		4F712C0B27034A1B00E80077 /* Release */ = {
			isa = XCBuildConfiguration;
			buildSettings = {
				ALWAYS_SEARCH_USER_PATHS = NO;
				CLANG_ANALYZER_NONNULL = YES;
				CLANG_ANALYZER_NUMBER_OBJECT_CONVERSION = YES_AGGRESSIVE;
				CLANG_CXX_LANGUAGE_STANDARD = "gnu++14";
				CLANG_CXX_LIBRARY = "libc++";
				CLANG_ENABLE_MODULES = YES;
				CLANG_ENABLE_OBJC_ARC = YES;
				CLANG_ENABLE_OBJC_WEAK = YES;
				CLANG_WARN_BLOCK_CAPTURE_AUTORELEASING = YES;
				CLANG_WARN_BOOL_CONVERSION = YES;
				CLANG_WARN_COMMA = YES;
				CLANG_WARN_CONSTANT_CONVERSION = YES;
				CLANG_WARN_DEPRECATED_OBJC_IMPLEMENTATIONS = YES;
				CLANG_WARN_DIRECT_OBJC_ISA_USAGE = YES_ERROR;
				CLANG_WARN_DOCUMENTATION_COMMENTS = YES;
				CLANG_WARN_EMPTY_BODY = YES;
				CLANG_WARN_ENUM_CONVERSION = YES;
				CLANG_WARN_INFINITE_RECURSION = YES;
				CLANG_WARN_INT_CONVERSION = YES;
				CLANG_WARN_NON_LITERAL_NULL_CONVERSION = YES;
				CLANG_WARN_OBJC_IMPLICIT_RETAIN_SELF = YES;
				CLANG_WARN_OBJC_LITERAL_CONVERSION = YES;
				CLANG_WARN_OBJC_ROOT_CLASS = YES_ERROR;
				CLANG_WARN_QUOTED_INCLUDE_IN_FRAMEWORK_HEADER = YES;
				CLANG_WARN_RANGE_LOOP_ANALYSIS = YES;
				CLANG_WARN_STRICT_PROTOTYPES = YES;
				CLANG_WARN_SUSPICIOUS_MOVE = YES;
				CLANG_WARN_UNGUARDED_AVAILABILITY = YES_AGGRESSIVE;
				CLANG_WARN_UNREACHABLE_CODE = YES;
				CLANG_WARN__DUPLICATE_METHOD_MATCH = YES;
				COPY_PHASE_STRIP = NO;
				DEBUG_INFORMATION_FORMAT = "dwarf-with-dsym";
				ENABLE_NS_ASSERTIONS = NO;
				ENABLE_STRICT_OBJC_MSGSEND = YES;
				GCC_C_LANGUAGE_STANDARD = gnu11;
				GCC_NO_COMMON_BLOCKS = YES;
				GCC_WARN_64_TO_32_BIT_CONVERSION = YES;
				GCC_WARN_ABOUT_RETURN_TYPE = YES_ERROR;
				GCC_WARN_UNDECLARED_SELECTOR = YES;
				GCC_WARN_UNINITIALIZED_AUTOS = YES_AGGRESSIVE;
				GCC_WARN_UNUSED_FUNCTION = YES;
				GCC_WARN_UNUSED_VARIABLE = YES;
				IPHONEOS_DEPLOYMENT_TARGET = 12.1;
				MTL_ENABLE_DEBUG_INFO = NO;
				MTL_FAST_MATH = YES;
				SDKROOT = iphoneos;
				SWIFT_COMPILATION_MODE = wholemodule;
				SWIFT_OPTIMIZATION_LEVEL = "-O";
				VALIDATE_PRODUCT = YES;
			};
			name = Release;
		};
		4F712C0D27034A1B00E80077 /* Debug */ = {
			isa = XCBuildConfiguration;
			buildSettings = {
				ASSETCATALOG_COMPILER_APPICON_NAME = AppIcon;
				ASSETCATALOG_COMPILER_GLOBAL_ACCENT_COLOR_NAME = AccentColor;
				CODE_SIGN_STYLE = Automatic;
				DEVELOPMENT_TEAM = 28423D34T2;
				INFOPLIST_FILE = RSSchool_T11/Info.plist;
				IPHONEOS_DEPLOYMENT_TARGET = 12.1;
				LD_RUNPATH_SEARCH_PATHS = (
					"$(inherited)",
					"@executable_path/Frameworks",
				);
				PRODUCT_BUNDLE_IDENTIFIER = "eatsthesoul.RSSchool-T11";
				PRODUCT_NAME = "$(TARGET_NAME)";
				SWIFT_VERSION = 5.0;
				TARGETED_DEVICE_FAMILY = "1,2";
			};
			name = Debug;
		};
		4F712C0E27034A1B00E80077 /* Release */ = {
			isa = XCBuildConfiguration;
			buildSettings = {
				ASSETCATALOG_COMPILER_APPICON_NAME = AppIcon;
				ASSETCATALOG_COMPILER_GLOBAL_ACCENT_COLOR_NAME = AccentColor;
				CODE_SIGN_STYLE = Automatic;
				DEVELOPMENT_TEAM = 28423D34T2;
				INFOPLIST_FILE = RSSchool_T11/Info.plist;
				IPHONEOS_DEPLOYMENT_TARGET = 12.1;
				LD_RUNPATH_SEARCH_PATHS = (
					"$(inherited)",
					"@executable_path/Frameworks",
				);
				PRODUCT_BUNDLE_IDENTIFIER = "eatsthesoul.RSSchool-T11";
				PRODUCT_NAME = "$(TARGET_NAME)";
				SWIFT_VERSION = 5.0;
				TARGETED_DEVICE_FAMILY = "1,2";
			};
			name = Release;
		};
		4F712C1027034A1B00E80077 /* Debug */ = {
			isa = XCBuildConfiguration;
			buildSettings = {
				ALWAYS_EMBED_SWIFT_STANDARD_LIBRARIES = YES;
				BUNDLE_LOADER = "$(TEST_HOST)";
				CODE_SIGN_STYLE = Automatic;
				DEVELOPMENT_TEAM = 28423D34T2;
				INFOPLIST_FILE = RSSchool_T11Tests/Info.plist;
				IPHONEOS_DEPLOYMENT_TARGET = 14.5;
				LD_RUNPATH_SEARCH_PATHS = (
					"$(inherited)",
					"@executable_path/Frameworks",
					"@loader_path/Frameworks",
				);
				PRODUCT_BUNDLE_IDENTIFIER = "eatsthesoul.RSSchool-T11Tests";
				PRODUCT_NAME = "$(TARGET_NAME)";
				SWIFT_VERSION = 5.0;
				TARGETED_DEVICE_FAMILY = "1,2";
				TEST_HOST = "$(BUILT_PRODUCTS_DIR)/RSSchool_T11.app/RSSchool_T11";
			};
			name = Debug;
		};
		4F712C1127034A1B00E80077 /* Release */ = {
			isa = XCBuildConfiguration;
			buildSettings = {
				ALWAYS_EMBED_SWIFT_STANDARD_LIBRARIES = YES;
				BUNDLE_LOADER = "$(TEST_HOST)";
				CODE_SIGN_STYLE = Automatic;
				DEVELOPMENT_TEAM = 28423D34T2;
				INFOPLIST_FILE = RSSchool_T11Tests/Info.plist;
				IPHONEOS_DEPLOYMENT_TARGET = 14.5;
				LD_RUNPATH_SEARCH_PATHS = (
					"$(inherited)",
					"@executable_path/Frameworks",
					"@loader_path/Frameworks",
				);
				PRODUCT_BUNDLE_IDENTIFIER = "eatsthesoul.RSSchool-T11Tests";
				PRODUCT_NAME = "$(TARGET_NAME)";
				SWIFT_VERSION = 5.0;
				TARGETED_DEVICE_FAMILY = "1,2";
				TEST_HOST = "$(BUILT_PRODUCTS_DIR)/RSSchool_T11.app/RSSchool_T11";
			};
			name = Release;
		};
		4F712C1327034A1B00E80077 /* Debug */ = {
			isa = XCBuildConfiguration;
			buildSettings = {
				ALWAYS_EMBED_SWIFT_STANDARD_LIBRARIES = YES;
				CODE_SIGN_STYLE = Automatic;
				DEVELOPMENT_TEAM = 28423D34T2;
				INFOPLIST_FILE = RSSchool_T11UITests/Info.plist;
				LD_RUNPATH_SEARCH_PATHS = (
					"$(inherited)",
					"@executable_path/Frameworks",
					"@loader_path/Frameworks",
				);
				PRODUCT_BUNDLE_IDENTIFIER = "eatsthesoul.RSSchool-T11UITests";
				PRODUCT_NAME = "$(TARGET_NAME)";
				SWIFT_VERSION = 5.0;
				TARGETED_DEVICE_FAMILY = "1,2";
				TEST_TARGET_NAME = RSSchool_T11;
			};
			name = Debug;
		};
		4F712C1427034A1B00E80077 /* Release */ = {
			isa = XCBuildConfiguration;
			buildSettings = {
				ALWAYS_EMBED_SWIFT_STANDARD_LIBRARIES = YES;
				CODE_SIGN_STYLE = Automatic;
				DEVELOPMENT_TEAM = 28423D34T2;
				INFOPLIST_FILE = RSSchool_T11UITests/Info.plist;
				LD_RUNPATH_SEARCH_PATHS = (
					"$(inherited)",
					"@executable_path/Frameworks",
					"@loader_path/Frameworks",
				);
				PRODUCT_BUNDLE_IDENTIFIER = "eatsthesoul.RSSchool-T11UITests";
				PRODUCT_NAME = "$(TARGET_NAME)";
				SWIFT_VERSION = 5.0;
				TARGETED_DEVICE_FAMILY = "1,2";
				TEST_TARGET_NAME = RSSchool_T11;
			};
			name = Release;
		};
/* End XCBuildConfiguration section */

/* Begin XCConfigurationList section */
		4F712BDD27034A1A00E80077 /* Build configuration list for PBXProject "RSSchool_T11" */ = {
			isa = XCConfigurationList;
			buildConfigurations = (
				4F712C0A27034A1B00E80077 /* Debug */,
				4F712C0B27034A1B00E80077 /* Release */,
			);
			defaultConfigurationIsVisible = 0;
			defaultConfigurationName = Release;
		};
		4F712C0C27034A1B00E80077 /* Build configuration list for PBXNativeTarget "RSSchool_T11" */ = {
			isa = XCConfigurationList;
			buildConfigurations = (
				4F712C0D27034A1B00E80077 /* Debug */,
				4F712C0E27034A1B00E80077 /* Release */,
			);
			defaultConfigurationIsVisible = 0;
			defaultConfigurationName = Release;
		};
		4F712C0F27034A1B00E80077 /* Build configuration list for PBXNativeTarget "RSSchool_T11Tests" */ = {
			isa = XCConfigurationList;
			buildConfigurations = (
				4F712C1027034A1B00E80077 /* Debug */,
				4F712C1127034A1B00E80077 /* Release */,
			);
			defaultConfigurationIsVisible = 0;
			defaultConfigurationName = Release;
		};
		4F712C1227034A1B00E80077 /* Build configuration list for PBXNativeTarget "RSSchool_T11UITests" */ = {
			isa = XCConfigurationList;
			buildConfigurations = (
				4F712C1327034A1B00E80077 /* Debug */,
				4F712C1427034A1B00E80077 /* Release */,
			);
			defaultConfigurationIsVisible = 0;
			defaultConfigurationName = Release;
		};
/* End XCConfigurationList section */
	};
	rootObject = 4F712BDA27034A1A00E80077 /* Project object */;
}
