// !$*UTF8*$!
{
	archiveVersion = 1;
	classes = {
	};
	objectVersion = 50;
	objects = {

/* Begin PBXBuildFile section */
		058714AE26F9C937DEE36566 /* ImageDetailPresenter.swift in Sources */ = {isa = PBXBuildFile; fileRef = BD81B9C6F6D36E97615EE74B /* ImageDetailPresenter.swift */; };
		0B48189FC3293DD93DF3D1E2 /* RocketListModuleInput.swift in Sources */ = {isa = PBXBuildFile; fileRef = 487246DB2BF40FD4B80F66D4 /* RocketListModuleInput.swift */; };
		2580CFBFBBB86470184840C3 /* ImageDetailViewInput.swift in Sources */ = {isa = PBXBuildFile; fileRef = 0D0640C4FE9724E44FE815C4 /* ImageDetailViewInput.swift */; };
		287DA7DBF9405BE5B9283864 /* LaunchpadDetailPresenter.swift in Sources */ = {isa = PBXBuildFile; fileRef = E327CD408484C84200011B6A /* LaunchpadDetailPresenter.swift */; };
		2CC87F5E420259CB102CC14B /* LaunchDetailModuleConfigurator.swift in Sources */ = {isa = PBXBuildFile; fileRef = C528A8074CBA72BB02216E0E /* LaunchDetailModuleConfigurator.swift */; };
		2E38681FE09074C4BCCDBBE4 /* LaunchListModuleConfigurator.swift in Sources */ = {isa = PBXBuildFile; fileRef = 41CB123FBE0A5428F4098993 /* LaunchListModuleConfigurator.swift */; };
		31EDD6287CA670360D9ABB61 /* ImageDetailModuleInput.swift in Sources */ = {isa = PBXBuildFile; fileRef = 9E224EF8A1DBC22DADDA5223 /* ImageDetailModuleInput.swift */; };
		38890C7B800570475B24C536 /* LaunchpadDetailModuleOutput.swift in Sources */ = {isa = PBXBuildFile; fileRef = C4AE21E0D75155929FFED39A /* LaunchpadDetailModuleOutput.swift */; };
		3E3E8D15806ACF37C5168415 /* LaunchpadDetailRouter.swift in Sources */ = {isa = PBXBuildFile; fileRef = 7634E5E60586D0CF14E8A8FD /* LaunchpadDetailRouter.swift */; };
		436A4EAB7BE9B7BAF2B49487 /* LaunchDetailModuleOutput.swift in Sources */ = {isa = PBXBuildFile; fileRef = E07A94278BE3C3FECC55A902 /* LaunchDetailModuleOutput.swift */; };
		481896530F0314299E71CD97 /* LaunchpadDetailViewController.swift in Sources */ = {isa = PBXBuildFile; fileRef = 4E388A0C8DB58786B6F7F26D /* LaunchpadDetailViewController.swift */; };
		49B114DEFAD803F9577AB398 /* ImageDetailModuleOutput.swift in Sources */ = {isa = PBXBuildFile; fileRef = 6A399DAB1DEC20FB7899079E /* ImageDetailModuleOutput.swift */; };
		4C2DBA2B5AAEB71E90E1B8C6 /* LaunchDetailPresenter.swift in Sources */ = {isa = PBXBuildFile; fileRef = DBB2F27958CA5A36C8278B46 /* LaunchDetailPresenter.swift */; };
		4F093E5D27356CA30089F5E5 /* ModelDataStringConvertable.swift in Sources */ = {isa = PBXBuildFile; fileRef = 4F093E5C27356CA30089F5E5 /* ModelDataStringConvertable.swift */; };
		4F0BC9A52710A08900FB0FA0 /* RocketListCell.swift in Sources */ = {isa = PBXBuildFile; fileRef = 4F0BC9A32710A08900FB0FA0 /* RocketListCell.swift */; };
		4F0BC9AC27149D8000FB0FA0 /* LoaderDisplayable.swift in Sources */ = {isa = PBXBuildFile; fileRef = 4F0BC9AB27149D8000FB0FA0 /* LoaderDisplayable.swift */; };
		4F0BC9B72715D1BD00FB0FA0 /* JSONParser.swift in Sources */ = {isa = PBXBuildFile; fileRef = 4F0BC9B62715D1BD00FB0FA0 /* JSONParser.swift */; };
		4F4E202E27284D7A00ADB1D4 /* RocketListPresenter + CollectionView.swift in Sources */ = {isa = PBXBuildFile; fileRef = 4F4E202D27284D7A00ADB1D4 /* RocketListPresenter + CollectionView.swift */; };
		4F4E203027284E8800ADB1D4 /* RocketListViewController + CollectionView.swift in Sources */ = {isa = PBXBuildFile; fileRef = 4F4E202F27284E8800ADB1D4 /* RocketListViewController + CollectionView.swift */; };
		4F712BE627034A1A00E80077 /* AppDelegate.swift in Sources */ = {isa = PBXBuildFile; fileRef = 4F712BE527034A1A00E80077 /* AppDelegate.swift */; };
		4F712BEA27034A1A00E80077 /* ViewController.swift in Sources */ = {isa = PBXBuildFile; fileRef = 4F712BE927034A1A00E80077 /* ViewController.swift */; };
		4F712BEF27034A1B00E80077 /* Assets.xcassets in Resources */ = {isa = PBXBuildFile; fileRef = 4F712BEE27034A1B00E80077 /* Assets.xcassets */; };
		4F712BF227034A1B00E80077 /* LaunchScreen.storyboard in Resources */ = {isa = PBXBuildFile; fileRef = 4F712BF027034A1B00E80077 /* LaunchScreen.storyboard */; };
		4F712BFD27034A1B00E80077 /* RSSchool_T11Tests.swift in Sources */ = {isa = PBXBuildFile; fileRef = 4F712BFC27034A1B00E80077 /* RSSchool_T11Tests.swift */; };
		4F712C0827034A1B00E80077 /* RSSchool_T11UITests.swift in Sources */ = {isa = PBXBuildFile; fileRef = 4F712C0727034A1B00E80077 /* RSSchool_T11UITests.swift */; };
		4F712C1727035A1A00E80077 /* ModuleTrasitionable.swift in Sources */ = {isa = PBXBuildFile; fileRef = 4F712C1627035A1A00E80077 /* ModuleTrasitionable.swift */; };
		4F712C1F270F1AD200E80077 /* Roboto-Medium.ttf in Resources */ = {isa = PBXBuildFile; fileRef = 4F712C1E270F1AD200E80077 /* Roboto-Medium.ttf */; };
		4F712C21270F1AE800E80077 /* Roboto-Bold.ttf in Resources */ = {isa = PBXBuildFile; fileRef = 4F712C20270F1AE800E80077 /* Roboto-Bold.ttf */; };
		4F712C2C270F1D7500E80077 /* UIFont.swift in Sources */ = {isa = PBXBuildFile; fileRef = 4F712C2B270F1D7400E80077 /* UIFont.swift */; };
		4F712C2E270F1FF500E80077 /* UIColor.swift in Sources */ = {isa = PBXBuildFile; fileRef = 4F712C2D270F1FF500E80077 /* UIColor.swift */; };
		4F712C362710520E00E80077 /* Rocket.swift in Sources */ = {isa = PBXBuildFile; fileRef = 4F712C352710520E00E80077 /* Rocket.swift */; };
		4F9746042771F375000DDB21 /* LaunchpadDetailViewController.xib in Resources */ = {isa = PBXBuildFile; fileRef = 4F9746032771F375000DDB21 /* LaunchpadDetailViewController.xib */; };
		4F9C2680274BD6BC00AB3886 /* MarginLabel.swift in Sources */ = {isa = PBXBuildFile; fileRef = 4F9C267F274BD6BC00AB3886 /* MarginLabel.swift */; };
		4F9C2685274FABA200AB3886 /* UIImage + Assets.swift in Sources */ = {isa = PBXBuildFile; fileRef = 4F9C2684274FABA200AB3886 /* UIImage + Assets.swift */; };
		4F9C26952757AADF00AB3886 /* Launch.swift in Sources */ = {isa = PBXBuildFile; fileRef = 4F9C26942757AADE00AB3886 /* Launch.swift */; };
		4F9C26972757D7B300AB3886 /* UIIndicatorView.swift in Sources */ = {isa = PBXBuildFile; fileRef = 4F9C26962757D7B300AB3886 /* UIIndicatorView.swift */; };
		4F9C269B2758EEA000AB3886 /* UIShadowButton.swift in Sources */ = {isa = PBXBuildFile; fileRef = 4F9C269A2758EEA000AB3886 /* UIShadowButton.swift */; };
		4F9C269F275E828E00AB3886 /* UIShadowLabelView.swift in Sources */ = {isa = PBXBuildFile; fileRef = 4F9C269E275E828E00AB3886 /* UIShadowLabelView.swift */; };
		4F9C26A3275E8A9800AB3886 /* UILaunchView.swift in Sources */ = {isa = PBXBuildFile; fileRef = 4F9C26A2275E8A9800AB3886 /* UILaunchView.swift */; };
		4F9C26A9275E954C00AB3886 /* UIShadowImageView.swift in Sources */ = {isa = PBXBuildFile; fileRef = 4F9C26A8275E954C00AB3886 /* UIShadowImageView.swift */; };
		4F9C26AB275FB91400AB3886 /* LaunchListViewController + CollectionView.swift in Sources */ = {isa = PBXBuildFile; fileRef = 4F9C26AA275FB91400AB3886 /* LaunchListViewController + CollectionView.swift */; };
		4F9C26AD275FB9C200AB3886 /* LaunchListPresenter + CollectionView.swift in Sources */ = {isa = PBXBuildFile; fileRef = 4F9C26AC275FB9C200AB3886 /* LaunchListPresenter + CollectionView.swift */; };
		4F9C26B1275FBE4C00AB3886 /* LaunchListCollectionViewCell.swift in Sources */ = {isa = PBXBuildFile; fileRef = 4F9C26B0275FBE4C00AB3886 /* LaunchListCollectionViewCell.swift */; };
		4F9C26B52761030300AB3886 /* LaunchDetailViewController.xib in Resources */ = {isa = PBXBuildFile; fileRef = 4F9C26B42761030300AB3886 /* LaunchDetailViewController.xib */; };
		4F9C26B927613B7600AB3886 /* UIRocketView.swift in Sources */ = {isa = PBXBuildFile; fileRef = 4F9C26B827613B7600AB3886 /* UIRocketView.swift */; };
		4F9C26BB27613B8700AB3886 /* UIRocketView.xib in Resources */ = {isa = PBXBuildFile; fileRef = 4F9C26BA27613B8700AB3886 /* UIRocketView.xib */; };
		4F9C26C62767757200AB3886 /* LaunchDetailViewController + CollectionViewDelegate.swift in Sources */ = {isa = PBXBuildFile; fileRef = 4F9C26C52767757200AB3886 /* LaunchDetailViewController + CollectionViewDelegate.swift */; };
		4F9C26C82767758500AB3886 /* LaunchDetailPresenter + CollectionViewDataSource.swift in Sources */ = {isa = PBXBuildFile; fileRef = 4F9C26C72767758500AB3886 /* LaunchDetailPresenter + CollectionViewDataSource.swift */; };
		4F9C26CE2768DBBA00AB3886 /* WebPageModuleConfigurator.swift in Sources */ = {isa = PBXBuildFile; fileRef = 4F9C26CD2768DBBA00AB3886 /* WebPageModuleConfigurator.swift */; };
		4F9C26D52768F2A800AB3886 /* WebKit.framework in Frameworks */ = {isa = PBXBuildFile; fileRef = 4F9C26D42768F2A800AB3886 /* WebKit.framework */; };
		4F9C26EA276A5A6400AB3886 /* WebPageViewController.swift in Sources */ = {isa = PBXBuildFile; fileRef = 4F9C26E8276A5A6400AB3886 /* WebPageViewController.swift */; };
		4F9C26EB276A5A6400AB3886 /* WebPageViewController.xib in Resources */ = {isa = PBXBuildFile; fileRef = 4F9C26E9276A5A6400AB3886 /* WebPageViewController.xib */; };
		4F9C26F3276CA9D200AB3886 /* NetworkService.swift in Sources */ = {isa = PBXBuildFile; fileRef = 4F9C26F2276CA9D200AB3886 /* NetworkService.swift */; };
		4F9C26F5276CAA1300AB3886 /* RequestService.swift in Sources */ = {isa = PBXBuildFile; fileRef = 4F9C26F4276CAA1300AB3886 /* RequestService.swift */; };
		4F9C26F7276D00C100AB3886 /* ImageDownloader.swift in Sources */ = {isa = PBXBuildFile; fileRef = 4F9C26F6276D00C100AB3886 /* ImageDownloader.swift */; };
		4F9C27012770F47300AB3886 /* Launchpad.swift in Sources */ = {isa = PBXBuildFile; fileRef = 4F9C27002770F47300AB3886 /* Launchpad.swift */; };
		4F9C27062771302100AB3886 /* LaunchpadListModuleConfigurator.swift in Sources */ = {isa = PBXBuildFile; fileRef = 4F9C27052771302100AB3886 /* LaunchpadListModuleConfigurator.swift */; };
		4F9C270B2771306900AB3886 /* LaunchpadListRouter.swift in Sources */ = {isa = PBXBuildFile; fileRef = 4F9C270A2771306900AB3886 /* LaunchpadListRouter.swift */; };
		4F9C270D2771307600AB3886 /* LaunchpadListRouterInput.swift in Sources */ = {isa = PBXBuildFile; fileRef = 4F9C270C2771307600AB3886 /* LaunchpadListRouterInput.swift */; };
		4F9C270F2771309000AB3886 /* LaunchpadListPresenter.swift in Sources */ = {isa = PBXBuildFile; fileRef = 4F9C270E2771309000AB3886 /* LaunchpadListPresenter.swift */; };
		4F9C2711277130BF00AB3886 /* LaunchpadListViewController.swift in Sources */ = {isa = PBXBuildFile; fileRef = 4F9C2710277130BF00AB3886 /* LaunchpadListViewController.swift */; };
		4F9C2713277130D400AB3886 /* LaunchpadListViewInput.swift in Sources */ = {isa = PBXBuildFile; fileRef = 4F9C2712277130D400AB3886 /* LaunchpadListViewInput.swift */; };
		4F9C2715277130E200AB3886 /* LaunchpadListViewOutput.swift in Sources */ = {isa = PBXBuildFile; fileRef = 4F9C2714277130E200AB3886 /* LaunchpadListViewOutput.swift */; };
		4F9C27172771383E00AB3886 /* LaunchpadListViewController + CollectionView.swift in Sources */ = {isa = PBXBuildFile; fileRef = 4F9C27162771383E00AB3886 /* LaunchpadListViewController + CollectionView.swift */; };
		4F9C27192771387000AB3886 /* LaunchpadListPresenter + CollectionView.swift in Sources */ = {isa = PBXBuildFile; fileRef = 4F9C27182771387000AB3886 /* LaunchpadListPresenter + CollectionView.swift */; };
		4F9C271B277138B900AB3886 /* LaunchpadListCollectionViewCell.swift in Sources */ = {isa = PBXBuildFile; fileRef = 4F9C271A277138B900AB3886 /* LaunchpadListCollectionViewCell.swift */; };
		4FA28E47273C08F2001410CD /* Double.swift in Sources */ = {isa = PBXBuildFile; fileRef = 4FA28E46273C08F2001410CD /* Double.swift */; };
		4FA28E492743EA27001410CD /* RocketDetailViewController + CollectionView.swift in Sources */ = {isa = PBXBuildFile; fileRef = 4FA28E482743EA27001410CD /* RocketDetailViewController + CollectionView.swift */; };
		4FA28E4B2743EC15001410CD /* RocketDetailPresenter + CollectionView.swift in Sources */ = {isa = PBXBuildFile; fileRef = 4FA28E4A2743EC15001410CD /* RocketDetailPresenter + CollectionView.swift */; };
		4FA28E4E2743F691001410CD /* ImageCell.swift in Sources */ = {isa = PBXBuildFile; fileRef = 4FA28E4D2743F691001410CD /* ImageCell.swift */; };
		4FB2177E27735E5300218E74 /* LaunchpadDetailViewController + ImagesCollectionViewDelegate.swift in Sources */ = {isa = PBXBuildFile; fileRef = 4FB2177D27735E5300218E74 /* LaunchpadDetailViewController + ImagesCollectionViewDelegate.swift */; };
		4FB2178027735E6A00218E74 /* LaunchpadDetailPresenter + ImagesCollectionViewDataSource.swift in Sources */ = {isa = PBXBuildFile; fileRef = 4FB2177F27735E6A00218E74 /* LaunchpadDetailPresenter + ImagesCollectionViewDataSource.swift */; };
		4FB217822773667B00218E74 /* MapView.swift in Sources */ = {isa = PBXBuildFile; fileRef = 4FB217812773667B00218E74 /* MapView.swift */; };
		4FD08B152731890E00991150 /* RocketDetailViewController.xib in Resources */ = {isa = PBXBuildFile; fileRef = 4FD08B142731890E00991150 /* RocketDetailViewController.xib */; };
		4FD08B172733EB8C00991150 /* ModelDataDisplayable.swift in Sources */ = {isa = PBXBuildFile; fileRef = 4FD08B162733EB8C00991150 /* ModelDataDisplayable.swift */; };
		539405AF8D9D43493902B08C /* LaunchpadDetailModuleInput.swift in Sources */ = {isa = PBXBuildFile; fileRef = F7ADD200470FF7ED315328F5 /* LaunchpadDetailModuleInput.swift */; };
		540C34C8ADA105EE0E3F1222 /* ImageDetailRouter.swift in Sources */ = {isa = PBXBuildFile; fileRef = 596624BFFB0AECC5BE3DF326 /* ImageDetailRouter.swift */; };
		5D62738CDB193319D324E03C /* LaunchListRouterInput.swift in Sources */ = {isa = PBXBuildFile; fileRef = 4016E72582B6432C3A1398CF /* LaunchListRouterInput.swift */; };
		6C2E50A36083AE47A3D1EF8A /* LaunchpadDetailViewInput.swift in Sources */ = {isa = PBXBuildFile; fileRef = C54FFE8ED5E72C2AEDF01199 /* LaunchpadDetailViewInput.swift */; };
		6F099DB0AA59F4770D9F5960 /* LaunchDetailViewInput.swift in Sources */ = {isa = PBXBuildFile; fileRef = FB2B734B36B1E90831E248D8 /* LaunchDetailViewInput.swift */; };
		7056E245FD05DF96C9DF407B /* ImageDetailModuleConfigurator.swift in Sources */ = {isa = PBXBuildFile; fileRef = 593AF7328324F13A7A1BCF62 /* ImageDetailModuleConfigurator.swift */; };
		707D7C4169E7EC207227918B /* LaunchListViewInput.swift in Sources */ = {isa = PBXBuildFile; fileRef = 6D5105C2609844A8CFE10503 /* LaunchListViewInput.swift */; };
		70DA521294D16FB8ED8E7AFD /* RocketListViewController.swift in Sources */ = {isa = PBXBuildFile; fileRef = 29877C5A14525B9B800811A6 /* RocketListViewController.swift */; };
		72F5315AAFD32CE6AA456335 /* RocketDetailModuleInput.swift in Sources */ = {isa = PBXBuildFile; fileRef = 0EED9C5DE9FD24E604F78BBB /* RocketDetailModuleInput.swift */; };
		797A7B6EBF4F5141245DB5FB /* LaunchpadDetailModuleConfigurator.swift in Sources */ = {isa = PBXBuildFile; fileRef = 973A1FE9F92A26CEC1FEF9FA /* LaunchpadDetailModuleConfigurator.swift */; };
		7DB88B39337FDCEA14FADEF5 /* RocketDetailRouter.swift in Sources */ = {isa = PBXBuildFile; fileRef = A2B839DF5582B5E0555C9CA1 /* RocketDetailRouter.swift */; };
		80D56369FB47F888C7A0E8BE /* ImageDetailViewOutput.swift in Sources */ = {isa = PBXBuildFile; fileRef = 8B5791D1F606A451F2CD746E /* ImageDetailViewOutput.swift */; };
		884B15F25B5CBA64D9A712ED /* LaunchDetailViewOutput.swift in Sources */ = {isa = PBXBuildFile; fileRef = 6AA842D85EF0DAFC949B2122 /* LaunchDetailViewOutput.swift */; };
		90152DB9E744480FC6C5F302 /* LaunchListViewController.swift in Sources */ = {isa = PBXBuildFile; fileRef = F63FA87C9EF192BF154B635A /* LaunchListViewController.swift */; };
		927BF85AA092E444100FD2B6 /* RocketListPresenter.swift in Sources */ = {isa = PBXBuildFile; fileRef = 54FF02C8C79208E0F79130BB /* RocketListPresenter.swift */; };
		940D29ADD142E7914589C539 /* RocketDetailModuleOutput.swift in Sources */ = {isa = PBXBuildFile; fileRef = E7B8DF894B65EB9F76542B78 /* RocketDetailModuleOutput.swift */; };
		977DC42BD747E28F2570FF98 /* LaunchDetailViewController.swift in Sources */ = {isa = PBXBuildFile; fileRef = FFB11D882B2BA277BBAE55CE /* LaunchDetailViewController.swift */; };
		9AF1DFC6200E34BE79E1439C /* RocketsListModuleConfigurator.swift in Sources */ = {isa = PBXBuildFile; fileRef = 9E0DBC7B08C8286C1B21A981 /* RocketsListModuleConfigurator.swift */; };
		9C8EC7CB36EDE8FE8628A97D /* ImageDetailRouterInput.swift in Sources */ = {isa = PBXBuildFile; fileRef = E89CC0FD8A71AA2EA4A30912 /* ImageDetailRouterInput.swift */; };
		9F81028F654AA0DE9D742D35 /* LaunchListModuleInput.swift in Sources */ = {isa = PBXBuildFile; fileRef = 4CACC6203E88D9B0403C54EE /* LaunchListModuleInput.swift */; };
		A004031974AB3C3134C5D11C /* RocketsListRouter.swift in Sources */ = {isa = PBXBuildFile; fileRef = 8345DFD50989D1F465BF373A /* RocketsListRouter.swift */; };
		A0C1E7FE178A89BFB7FB0D67 /* RocketDetailViewOutput.swift in Sources */ = {isa = PBXBuildFile; fileRef = 254BF304E7E681E123829C99 /* RocketDetailViewOutput.swift */; };
		A200569F0EA3214DBA4CAA00 /* RocketListViewOutput.swift in Sources */ = {isa = PBXBuildFile; fileRef = 41C677C3B75E2CB7353DFD3E /* RocketListViewOutput.swift */; };
		A5D57433A121F0EC8D847ECD /* RocketDetailViewInput.swift in Sources */ = {isa = PBXBuildFile; fileRef = CFB107241E124D5843135BFD /* RocketDetailViewInput.swift */; };
		AB862AC16DB711ACE5820266 /* LaunchDetailModuleInput.swift in Sources */ = {isa = PBXBuildFile; fileRef = A8E0BD359E5BC792B7CC94F8 /* LaunchDetailModuleInput.swift */; };
		ABD90D4BBB90ECFF78ED66CE /* LaunchDetailRouterInput.swift in Sources */ = {isa = PBXBuildFile; fileRef = 2D8F5A00B4630C6AC4A35065 /* LaunchDetailRouterInput.swift */; };
		B066539C2277373C2453A9F5 /* LaunchListPresenter.swift in Sources */ = {isa = PBXBuildFile; fileRef = A9253B0EF15CE0DB9FA9D8AF /* LaunchListPresenter.swift */; };
		B2C8BE64E9BAAD722C2B721C /* RocketDetailViewController.swift in Sources */ = {isa = PBXBuildFile; fileRef = EC312867C96B915CFEAC1AFA /* RocketDetailViewController.swift */; };
		B4B68FA613C71028B6F87139 /* RocketDetailRouterInput.swift in Sources */ = {isa = PBXBuildFile; fileRef = 70E6B8D68CE892BFB1C13213 /* RocketDetailRouterInput.swift */; };
		B526871A4606639186747C97 /* LaunchpadDetailViewOutput.swift in Sources */ = {isa = PBXBuildFile; fileRef = F8D5B4A2010CEA308E4044E0 /* LaunchpadDetailViewOutput.swift */; };
		C00B0C4488DE5FFBA8037FB1 /* RocketsListRouterInput.swift in Sources */ = {isa = PBXBuildFile; fileRef = 520735A20F621F456A8D6CBB /* RocketsListRouterInput.swift */; };
		C82ED450473540A5A184473C /* LaunchpadDetailRouterInput.swift in Sources */ = {isa = PBXBuildFile; fileRef = 65592B815F29725B298B9075 /* LaunchpadDetailRouterInput.swift */; };
		D69FE8DDA708CD8208490A8C /* LaunchListViewOutput.swift in Sources */ = {isa = PBXBuildFile; fileRef = 818FD5899FF33C16A5B87D89 /* LaunchListViewOutput.swift */; };
		D9356AB75A9AC5B1C2F9493E /* LaunchListModuleOutput.swift in Sources */ = {isa = PBXBuildFile; fileRef = 07AE546E4B157A1CB3A8F334 /* LaunchListModuleOutput.swift */; };
		D9680489704E29AE9AD4CF34 /* LaunchListRouter.swift in Sources */ = {isa = PBXBuildFile; fileRef = 1CE04B0B4A5CE19A72769B7D /* LaunchListRouter.swift */; };
		E3227C3649D18032373938EB /* ImageDetailViewController.swift in Sources */ = {isa = PBXBuildFile; fileRef = 0CEA673C669DAD28ED85ACEE /* ImageDetailViewController.swift */; };
		F11FFF92566D4E6F727693FB /* RocketDetailPresenter.swift in Sources */ = {isa = PBXBuildFile; fileRef = A953F51CEAA2268E5C92C6A8 /* RocketDetailPresenter.swift */; };
		F29419DA48BCF6B4122DF5E1 /* RocketListViewInput.swift in Sources */ = {isa = PBXBuildFile; fileRef = 825CE811DED9B620037AAC90 /* RocketListViewInput.swift */; };
		F764FF70883C33CA247E8B40 /* RocketListModuleOutput.swift in Sources */ = {isa = PBXBuildFile; fileRef = 3D848C6B427F1A41BDEBF130 /* RocketListModuleOutput.swift */; };
		F852DE25C6FBD53661167731 /* LaunchDetailRouter.swift in Sources */ = {isa = PBXBuildFile; fileRef = 0231A979710DB2BA8D44FB38 /* LaunchDetailRouter.swift */; };
		FCFB66B3F8E9014D2E1938A7 /* RocketDetailModuleConfigurator.swift in Sources */ = {isa = PBXBuildFile; fileRef = 0546201A9CD3F71D139A0AB5 /* RocketDetailModuleConfigurator.swift */; };
/* End PBXBuildFile section */

/* Begin PBXContainerItemProxy section */
		4F712BF927034A1B00E80077 /* PBXContainerItemProxy */ = {
			isa = PBXContainerItemProxy;
			containerPortal = 4F712BDA27034A1A00E80077 /* Project object */;
			proxyType = 1;
			remoteGlobalIDString = 4F712BE127034A1A00E80077;
			remoteInfo = RSSchool_T11;
		};
		4F712C0427034A1B00E80077 /* PBXContainerItemProxy */ = {
			isa = PBXContainerItemProxy;
			containerPortal = 4F712BDA27034A1A00E80077 /* Project object */;
			proxyType = 1;
			remoteGlobalIDString = 4F712BE127034A1A00E80077;
			remoteInfo = RSSchool_T11;
		};
/* End PBXContainerItemProxy section */

/* Begin PBXFileReference section */
		0231A979710DB2BA8D44FB38 /* LaunchDetailRouter.swift */ = {isa = PBXFileReference; includeInIndex = 1; lastKnownFileType = sourcecode.swift; path = LaunchDetailRouter.swift; sourceTree = "<group>"; };
		0546201A9CD3F71D139A0AB5 /* RocketDetailModuleConfigurator.swift */ = {isa = PBXFileReference; includeInIndex = 1; lastKnownFileType = sourcecode.swift; path = RocketDetailModuleConfigurator.swift; sourceTree = "<group>"; };
		07AE546E4B157A1CB3A8F334 /* LaunchListModuleOutput.swift */ = {isa = PBXFileReference; includeInIndex = 1; lastKnownFileType = sourcecode.swift; path = LaunchListModuleOutput.swift; sourceTree = "<group>"; };
		0CEA673C669DAD28ED85ACEE /* ImageDetailViewController.swift */ = {isa = PBXFileReference; includeInIndex = 1; lastKnownFileType = sourcecode.swift; path = ImageDetailViewController.swift; sourceTree = "<group>"; };
		0D0640C4FE9724E44FE815C4 /* ImageDetailViewInput.swift */ = {isa = PBXFileReference; includeInIndex = 1; lastKnownFileType = sourcecode.swift; path = ImageDetailViewInput.swift; sourceTree = "<group>"; };
		0EED9C5DE9FD24E604F78BBB /* RocketDetailModuleInput.swift */ = {isa = PBXFileReference; includeInIndex = 1; lastKnownFileType = sourcecode.swift; path = RocketDetailModuleInput.swift; sourceTree = "<group>"; };
		1CE04B0B4A5CE19A72769B7D /* LaunchListRouter.swift */ = {isa = PBXFileReference; includeInIndex = 1; lastKnownFileType = sourcecode.swift; path = LaunchListRouter.swift; sourceTree = "<group>"; };
		254BF304E7E681E123829C99 /* RocketDetailViewOutput.swift */ = {isa = PBXFileReference; includeInIndex = 1; lastKnownFileType = sourcecode.swift; path = RocketDetailViewOutput.swift; sourceTree = "<group>"; };
		29877C5A14525B9B800811A6 /* RocketListViewController.swift */ = {isa = PBXFileReference; includeInIndex = 1; lastKnownFileType = sourcecode.swift; path = RocketListViewController.swift; sourceTree = "<group>"; };
		2D8F5A00B4630C6AC4A35065 /* LaunchDetailRouterInput.swift */ = {isa = PBXFileReference; includeInIndex = 1; lastKnownFileType = sourcecode.swift; path = LaunchDetailRouterInput.swift; sourceTree = "<group>"; };
		3D848C6B427F1A41BDEBF130 /* RocketListModuleOutput.swift */ = {isa = PBXFileReference; includeInIndex = 1; lastKnownFileType = sourcecode.swift; path = RocketListModuleOutput.swift; sourceTree = "<group>"; };
		4016E72582B6432C3A1398CF /* LaunchListRouterInput.swift */ = {isa = PBXFileReference; includeInIndex = 1; lastKnownFileType = sourcecode.swift; path = LaunchListRouterInput.swift; sourceTree = "<group>"; };
		41C677C3B75E2CB7353DFD3E /* RocketListViewOutput.swift */ = {isa = PBXFileReference; includeInIndex = 1; lastKnownFileType = sourcecode.swift; path = RocketListViewOutput.swift; sourceTree = "<group>"; };
		41CB123FBE0A5428F4098993 /* LaunchListModuleConfigurator.swift */ = {isa = PBXFileReference; includeInIndex = 1; lastKnownFileType = sourcecode.swift; path = LaunchListModuleConfigurator.swift; sourceTree = "<group>"; };
		487246DB2BF40FD4B80F66D4 /* RocketListModuleInput.swift */ = {isa = PBXFileReference; includeInIndex = 1; lastKnownFileType = sourcecode.swift; path = RocketListModuleInput.swift; sourceTree = "<group>"; };
		4CACC6203E88D9B0403C54EE /* LaunchListModuleInput.swift */ = {isa = PBXFileReference; includeInIndex = 1; lastKnownFileType = sourcecode.swift; path = LaunchListModuleInput.swift; sourceTree = "<group>"; };
		4E388A0C8DB58786B6F7F26D /* LaunchpadDetailViewController.swift */ = {isa = PBXFileReference; includeInIndex = 1; lastKnownFileType = sourcecode.swift; path = LaunchpadDetailViewController.swift; sourceTree = "<group>"; };
		4F093E5C27356CA30089F5E5 /* ModelDataStringConvertable.swift */ = {isa = PBXFileReference; lastKnownFileType = sourcecode.swift; path = ModelDataStringConvertable.swift; sourceTree = "<group>"; };
		4F0BC9A32710A08900FB0FA0 /* RocketListCell.swift */ = {isa = PBXFileReference; lastKnownFileType = sourcecode.swift; path = RocketListCell.swift; sourceTree = "<group>"; };
		4F0BC9AB27149D8000FB0FA0 /* LoaderDisplayable.swift */ = {isa = PBXFileReference; lastKnownFileType = sourcecode.swift; path = LoaderDisplayable.swift; sourceTree = "<group>"; };
		4F0BC9B62715D1BD00FB0FA0 /* JSONParser.swift */ = {isa = PBXFileReference; lastKnownFileType = sourcecode.swift; path = JSONParser.swift; sourceTree = "<group>"; };
		4F4E202D27284D7A00ADB1D4 /* RocketListPresenter + CollectionView.swift */ = {isa = PBXFileReference; lastKnownFileType = sourcecode.swift; path = "RocketListPresenter + CollectionView.swift"; sourceTree = "<group>"; };
		4F4E202F27284E8800ADB1D4 /* RocketListViewController + CollectionView.swift */ = {isa = PBXFileReference; lastKnownFileType = sourcecode.swift; path = "RocketListViewController + CollectionView.swift"; sourceTree = "<group>"; };
		4F712BE227034A1A00E80077 /* RSSchool_T11.app */ = {isa = PBXFileReference; explicitFileType = wrapper.application; includeInIndex = 0; path = RSSchool_T11.app; sourceTree = BUILT_PRODUCTS_DIR; };
		4F712BE527034A1A00E80077 /* AppDelegate.swift */ = {isa = PBXFileReference; lastKnownFileType = sourcecode.swift; path = AppDelegate.swift; sourceTree = "<group>"; };
		4F712BE927034A1A00E80077 /* ViewController.swift */ = {isa = PBXFileReference; lastKnownFileType = sourcecode.swift; path = ViewController.swift; sourceTree = "<group>"; };
		4F712BEE27034A1B00E80077 /* Assets.xcassets */ = {isa = PBXFileReference; lastKnownFileType = folder.assetcatalog; path = Assets.xcassets; sourceTree = "<group>"; };
		4F712BF127034A1B00E80077 /* Base */ = {isa = PBXFileReference; lastKnownFileType = file.storyboard; name = Base; path = Base.lproj/LaunchScreen.storyboard; sourceTree = "<group>"; };
		4F712BF327034A1B00E80077 /* Info.plist */ = {isa = PBXFileReference; lastKnownFileType = text.plist.xml; path = Info.plist; sourceTree = "<group>"; };
		4F712BF827034A1B00E80077 /* RSSchool_T11Tests.xctest */ = {isa = PBXFileReference; explicitFileType = wrapper.cfbundle; includeInIndex = 0; path = RSSchool_T11Tests.xctest; sourceTree = BUILT_PRODUCTS_DIR; };
		4F712BFC27034A1B00E80077 /* RSSchool_T11Tests.swift */ = {isa = PBXFileReference; lastKnownFileType = sourcecode.swift; path = RSSchool_T11Tests.swift; sourceTree = "<group>"; };
		4F712BFE27034A1B00E80077 /* Info.plist */ = {isa = PBXFileReference; lastKnownFileType = text.plist.xml; path = Info.plist; sourceTree = "<group>"; };
		4F712C0327034A1B00E80077 /* RSSchool_T11UITests.xctest */ = {isa = PBXFileReference; explicitFileType = wrapper.cfbundle; includeInIndex = 0; path = RSSchool_T11UITests.xctest; sourceTree = BUILT_PRODUCTS_DIR; };
		4F712C0727034A1B00E80077 /* RSSchool_T11UITests.swift */ = {isa = PBXFileReference; lastKnownFileType = sourcecode.swift; path = RSSchool_T11UITests.swift; sourceTree = "<group>"; };
		4F712C0927034A1B00E80077 /* Info.plist */ = {isa = PBXFileReference; lastKnownFileType = text.plist.xml; path = Info.plist; sourceTree = "<group>"; };
		4F712C1627035A1A00E80077 /* ModuleTrasitionable.swift */ = {isa = PBXFileReference; lastKnownFileType = sourcecode.swift; path = ModuleTrasitionable.swift; sourceTree = "<group>"; };
		4F712C1E270F1AD200E80077 /* Roboto-Medium.ttf */ = {isa = PBXFileReference; lastKnownFileType = file; path = "Roboto-Medium.ttf"; sourceTree = "<group>"; };
		4F712C20270F1AE800E80077 /* Roboto-Bold.ttf */ = {isa = PBXFileReference; lastKnownFileType = file; path = "Roboto-Bold.ttf"; sourceTree = "<group>"; };
		4F712C2B270F1D7400E80077 /* UIFont.swift */ = {isa = PBXFileReference; fileEncoding = 4; lastKnownFileType = sourcecode.swift; path = UIFont.swift; sourceTree = "<group>"; };
		4F712C2D270F1FF500E80077 /* UIColor.swift */ = {isa = PBXFileReference; lastKnownFileType = sourcecode.swift; path = UIColor.swift; sourceTree = "<group>"; };
		4F712C352710520E00E80077 /* Rocket.swift */ = {isa = PBXFileReference; lastKnownFileType = sourcecode.swift; path = Rocket.swift; sourceTree = "<group>"; };
		4F9746032771F375000DDB21 /* LaunchpadDetailViewController.xib */ = {isa = PBXFileReference; lastKnownFileType = file.xib; path = LaunchpadDetailViewController.xib; sourceTree = "<group>"; };
		4F9C267F274BD6BC00AB3886 /* MarginLabel.swift */ = {isa = PBXFileReference; lastKnownFileType = sourcecode.swift; path = MarginLabel.swift; sourceTree = "<group>"; };
		4F9C2684274FABA200AB3886 /* UIImage + Assets.swift */ = {isa = PBXFileReference; lastKnownFileType = sourcecode.swift; path = "UIImage + Assets.swift"; sourceTree = "<group>"; };
		4F9C26942757AADE00AB3886 /* Launch.swift */ = {isa = PBXFileReference; fileEncoding = 4; lastKnownFileType = sourcecode.swift; path = Launch.swift; sourceTree = "<group>"; };
		4F9C26962757D7B300AB3886 /* UIIndicatorView.swift */ = {isa = PBXFileReference; fileEncoding = 4; lastKnownFileType = sourcecode.swift; path = UIIndicatorView.swift; sourceTree = "<group>"; };
		4F9C269A2758EEA000AB3886 /* UIShadowButton.swift */ = {isa = PBXFileReference; lastKnownFileType = sourcecode.swift; path = UIShadowButton.swift; sourceTree = "<group>"; };
		4F9C269E275E828E00AB3886 /* UIShadowLabelView.swift */ = {isa = PBXFileReference; lastKnownFileType = sourcecode.swift; path = UIShadowLabelView.swift; sourceTree = "<group>"; };
		4F9C26A2275E8A9800AB3886 /* UILaunchView.swift */ = {isa = PBXFileReference; lastKnownFileType = sourcecode.swift; path = UILaunchView.swift; sourceTree = "<group>"; };
		4F9C26A8275E954C00AB3886 /* UIShadowImageView.swift */ = {isa = PBXFileReference; lastKnownFileType = sourcecode.swift; path = UIShadowImageView.swift; sourceTree = "<group>"; };
		4F9C26AA275FB91400AB3886 /* LaunchListViewController + CollectionView.swift */ = {isa = PBXFileReference; lastKnownFileType = sourcecode.swift; path = "LaunchListViewController + CollectionView.swift"; sourceTree = "<group>"; };
		4F9C26AC275FB9C200AB3886 /* LaunchListPresenter + CollectionView.swift */ = {isa = PBXFileReference; lastKnownFileType = sourcecode.swift; path = "LaunchListPresenter + CollectionView.swift"; sourceTree = "<group>"; };
		4F9C26B0275FBE4C00AB3886 /* LaunchListCollectionViewCell.swift */ = {isa = PBXFileReference; lastKnownFileType = sourcecode.swift; path = LaunchListCollectionViewCell.swift; sourceTree = "<group>"; };
		4F9C26B42761030300AB3886 /* LaunchDetailViewController.xib */ = {isa = PBXFileReference; lastKnownFileType = file.xib; path = LaunchDetailViewController.xib; sourceTree = "<group>"; };
		4F9C26B827613B7600AB3886 /* UIRocketView.swift */ = {isa = PBXFileReference; lastKnownFileType = sourcecode.swift; path = UIRocketView.swift; sourceTree = "<group>"; };
		4F9C26BA27613B8700AB3886 /* UIRocketView.xib */ = {isa = PBXFileReference; lastKnownFileType = file.xib; path = UIRocketView.xib; sourceTree = "<group>"; };
		4F9C26C52767757200AB3886 /* LaunchDetailViewController + CollectionViewDelegate.swift */ = {isa = PBXFileReference; lastKnownFileType = sourcecode.swift; path = "LaunchDetailViewController + CollectionViewDelegate.swift"; sourceTree = "<group>"; };
		4F9C26C72767758500AB3886 /* LaunchDetailPresenter + CollectionViewDataSource.swift */ = {isa = PBXFileReference; lastKnownFileType = sourcecode.swift; path = "LaunchDetailPresenter + CollectionViewDataSource.swift"; sourceTree = "<group>"; };
		4F9C26CD2768DBBA00AB3886 /* WebPageModuleConfigurator.swift */ = {isa = PBXFileReference; lastKnownFileType = sourcecode.swift; path = WebPageModuleConfigurator.swift; sourceTree = "<group>"; };
		4F9C26D42768F2A800AB3886 /* WebKit.framework */ = {isa = PBXFileReference; lastKnownFileType = wrapper.framework; name = WebKit.framework; path = System/Library/Frameworks/WebKit.framework; sourceTree = SDKROOT; };
		4F9C26E8276A5A6400AB3886 /* WebPageViewController.swift */ = {isa = PBXFileReference; lastKnownFileType = sourcecode.swift; path = WebPageViewController.swift; sourceTree = "<group>"; };
		4F9C26E9276A5A6400AB3886 /* WebPageViewController.xib */ = {isa = PBXFileReference; lastKnownFileType = file.xib; path = WebPageViewController.xib; sourceTree = "<group>"; };
		4F9C26F2276CA9D200AB3886 /* NetworkService.swift */ = {isa = PBXFileReference; lastKnownFileType = sourcecode.swift; path = NetworkService.swift; sourceTree = "<group>"; };
		4F9C26F4276CAA1300AB3886 /* RequestService.swift */ = {isa = PBXFileReference; lastKnownFileType = sourcecode.swift; path = RequestService.swift; sourceTree = "<group>"; };
		4F9C26F6276D00C100AB3886 /* ImageDownloader.swift */ = {isa = PBXFileReference; lastKnownFileType = sourcecode.swift; path = ImageDownloader.swift; sourceTree = "<group>"; };
		4F9C27002770F47300AB3886 /* Launchpad.swift */ = {isa = PBXFileReference; lastKnownFileType = sourcecode.swift; path = Launchpad.swift; sourceTree = "<group>"; };
		4F9C27052771302100AB3886 /* LaunchpadListModuleConfigurator.swift */ = {isa = PBXFileReference; lastKnownFileType = sourcecode.swift; path = LaunchpadListModuleConfigurator.swift; sourceTree = "<group>"; };
		4F9C270A2771306900AB3886 /* LaunchpadListRouter.swift */ = {isa = PBXFileReference; lastKnownFileType = sourcecode.swift; path = LaunchpadListRouter.swift; sourceTree = "<group>"; };
		4F9C270C2771307600AB3886 /* LaunchpadListRouterInput.swift */ = {isa = PBXFileReference; lastKnownFileType = sourcecode.swift; path = LaunchpadListRouterInput.swift; sourceTree = "<group>"; };
		4F9C270E2771309000AB3886 /* LaunchpadListPresenter.swift */ = {isa = PBXFileReference; lastKnownFileType = sourcecode.swift; path = LaunchpadListPresenter.swift; sourceTree = "<group>"; };
		4F9C2710277130BF00AB3886 /* LaunchpadListViewController.swift */ = {isa = PBXFileReference; lastKnownFileType = sourcecode.swift; path = LaunchpadListViewController.swift; sourceTree = "<group>"; };
		4F9C2712277130D400AB3886 /* LaunchpadListViewInput.swift */ = {isa = PBXFileReference; lastKnownFileType = sourcecode.swift; path = LaunchpadListViewInput.swift; sourceTree = "<group>"; };
		4F9C2714277130E200AB3886 /* LaunchpadListViewOutput.swift */ = {isa = PBXFileReference; lastKnownFileType = sourcecode.swift; path = LaunchpadListViewOutput.swift; sourceTree = "<group>"; };
		4F9C27162771383E00AB3886 /* LaunchpadListViewController + CollectionView.swift */ = {isa = PBXFileReference; lastKnownFileType = sourcecode.swift; path = "LaunchpadListViewController + CollectionView.swift"; sourceTree = "<group>"; };
		4F9C27182771387000AB3886 /* LaunchpadListPresenter + CollectionView.swift */ = {isa = PBXFileReference; lastKnownFileType = sourcecode.swift; path = "LaunchpadListPresenter + CollectionView.swift"; sourceTree = "<group>"; };
		4F9C271A277138B900AB3886 /* LaunchpadListCollectionViewCell.swift */ = {isa = PBXFileReference; lastKnownFileType = sourcecode.swift; path = LaunchpadListCollectionViewCell.swift; sourceTree = "<group>"; };
		4FA28E46273C08F2001410CD /* Double.swift */ = {isa = PBXFileReference; lastKnownFileType = sourcecode.swift; path = Double.swift; sourceTree = "<group>"; };
		4FA28E482743EA27001410CD /* RocketDetailViewController + CollectionView.swift */ = {isa = PBXFileReference; lastKnownFileType = sourcecode.swift; path = "RocketDetailViewController + CollectionView.swift"; sourceTree = "<group>"; };
		4FA28E4A2743EC15001410CD /* RocketDetailPresenter + CollectionView.swift */ = {isa = PBXFileReference; lastKnownFileType = sourcecode.swift; path = "RocketDetailPresenter + CollectionView.swift"; sourceTree = "<group>"; };
		4FA28E4D2743F691001410CD /* ImageCell.swift */ = {isa = PBXFileReference; lastKnownFileType = sourcecode.swift; path = ImageCell.swift; sourceTree = "<group>"; };
		4FB2177D27735E5300218E74 /* LaunchpadDetailViewController + ImagesCollectionViewDelegate.swift */ = {isa = PBXFileReference; lastKnownFileType = sourcecode.swift; path = "LaunchpadDetailViewController + ImagesCollectionViewDelegate.swift"; sourceTree = "<group>"; };
		4FB2177F27735E6A00218E74 /* LaunchpadDetailPresenter + ImagesCollectionViewDataSource.swift */ = {isa = PBXFileReference; lastKnownFileType = sourcecode.swift; path = "LaunchpadDetailPresenter + ImagesCollectionViewDataSource.swift"; sourceTree = "<group>"; };
		4FB217812773667B00218E74 /* MapView.swift */ = {isa = PBXFileReference; lastKnownFileType = sourcecode.swift; path = MapView.swift; sourceTree = "<group>"; };
		4FD08B142731890E00991150 /* RocketDetailViewController.xib */ = {isa = PBXFileReference; lastKnownFileType = file.xib; path = RocketDetailViewController.xib; sourceTree = "<group>"; };
		4FD08B162733EB8C00991150 /* ModelDataDisplayable.swift */ = {isa = PBXFileReference; lastKnownFileType = sourcecode.swift; path = ModelDataDisplayable.swift; sourceTree = "<group>"; };
		520735A20F621F456A8D6CBB /* RocketsListRouterInput.swift */ = {isa = PBXFileReference; includeInIndex = 1; lastKnownFileType = sourcecode.swift; path = RocketsListRouterInput.swift; sourceTree = "<group>"; };
		54FF02C8C79208E0F79130BB /* RocketListPresenter.swift */ = {isa = PBXFileReference; includeInIndex = 1; lastKnownFileType = sourcecode.swift; path = RocketListPresenter.swift; sourceTree = "<group>"; };
		593AF7328324F13A7A1BCF62 /* ImageDetailModuleConfigurator.swift */ = {isa = PBXFileReference; includeInIndex = 1; lastKnownFileType = sourcecode.swift; path = ImageDetailModuleConfigurator.swift; sourceTree = "<group>"; };
		596624BFFB0AECC5BE3DF326 /* ImageDetailRouter.swift */ = {isa = PBXFileReference; includeInIndex = 1; lastKnownFileType = sourcecode.swift; path = ImageDetailRouter.swift; sourceTree = "<group>"; };
		65592B815F29725B298B9075 /* LaunchpadDetailRouterInput.swift */ = {isa = PBXFileReference; includeInIndex = 1; lastKnownFileType = sourcecode.swift; path = LaunchpadDetailRouterInput.swift; sourceTree = "<group>"; };
		6A399DAB1DEC20FB7899079E /* ImageDetailModuleOutput.swift */ = {isa = PBXFileReference; includeInIndex = 1; lastKnownFileType = sourcecode.swift; path = ImageDetailModuleOutput.swift; sourceTree = "<group>"; };
		6AA842D85EF0DAFC949B2122 /* LaunchDetailViewOutput.swift */ = {isa = PBXFileReference; includeInIndex = 1; lastKnownFileType = sourcecode.swift; path = LaunchDetailViewOutput.swift; sourceTree = "<group>"; };
		6D5105C2609844A8CFE10503 /* LaunchListViewInput.swift */ = {isa = PBXFileReference; includeInIndex = 1; lastKnownFileType = sourcecode.swift; path = LaunchListViewInput.swift; sourceTree = "<group>"; };
		70E6B8D68CE892BFB1C13213 /* RocketDetailRouterInput.swift */ = {isa = PBXFileReference; includeInIndex = 1; lastKnownFileType = sourcecode.swift; path = RocketDetailRouterInput.swift; sourceTree = "<group>"; };
		7634E5E60586D0CF14E8A8FD /* LaunchpadDetailRouter.swift */ = {isa = PBXFileReference; includeInIndex = 1; lastKnownFileType = sourcecode.swift; path = LaunchpadDetailRouter.swift; sourceTree = "<group>"; };
		818FD5899FF33C16A5B87D89 /* LaunchListViewOutput.swift */ = {isa = PBXFileReference; includeInIndex = 1; lastKnownFileType = sourcecode.swift; path = LaunchListViewOutput.swift; sourceTree = "<group>"; };
		825CE811DED9B620037AAC90 /* RocketListViewInput.swift */ = {isa = PBXFileReference; includeInIndex = 1; lastKnownFileType = sourcecode.swift; path = RocketListViewInput.swift; sourceTree = "<group>"; };
		8345DFD50989D1F465BF373A /* RocketsListRouter.swift */ = {isa = PBXFileReference; includeInIndex = 1; lastKnownFileType = sourcecode.swift; path = RocketsListRouter.swift; sourceTree = "<group>"; };
		8B5791D1F606A451F2CD746E /* ImageDetailViewOutput.swift */ = {isa = PBXFileReference; includeInIndex = 1; lastKnownFileType = sourcecode.swift; path = ImageDetailViewOutput.swift; sourceTree = "<group>"; };
		973A1FE9F92A26CEC1FEF9FA /* LaunchpadDetailModuleConfigurator.swift */ = {isa = PBXFileReference; includeInIndex = 1; lastKnownFileType = sourcecode.swift; path = LaunchpadDetailModuleConfigurator.swift; sourceTree = "<group>"; };
		9E0DBC7B08C8286C1B21A981 /* RocketsListModuleConfigurator.swift */ = {isa = PBXFileReference; includeInIndex = 1; lastKnownFileType = sourcecode.swift; path = RocketsListModuleConfigurator.swift; sourceTree = "<group>"; };
		9E224EF8A1DBC22DADDA5223 /* ImageDetailModuleInput.swift */ = {isa = PBXFileReference; includeInIndex = 1; lastKnownFileType = sourcecode.swift; path = ImageDetailModuleInput.swift; sourceTree = "<group>"; };
		A2B839DF5582B5E0555C9CA1 /* RocketDetailRouter.swift */ = {isa = PBXFileReference; includeInIndex = 1; lastKnownFileType = sourcecode.swift; path = RocketDetailRouter.swift; sourceTree = "<group>"; };
		A8E0BD359E5BC792B7CC94F8 /* LaunchDetailModuleInput.swift */ = {isa = PBXFileReference; includeInIndex = 1; lastKnownFileType = sourcecode.swift; path = LaunchDetailModuleInput.swift; sourceTree = "<group>"; };
		A9253B0EF15CE0DB9FA9D8AF /* LaunchListPresenter.swift */ = {isa = PBXFileReference; includeInIndex = 1; lastKnownFileType = sourcecode.swift; path = LaunchListPresenter.swift; sourceTree = "<group>"; };
		A953F51CEAA2268E5C92C6A8 /* RocketDetailPresenter.swift */ = {isa = PBXFileReference; includeInIndex = 1; lastKnownFileType = sourcecode.swift; path = RocketDetailPresenter.swift; sourceTree = "<group>"; };
		BD81B9C6F6D36E97615EE74B /* ImageDetailPresenter.swift */ = {isa = PBXFileReference; includeInIndex = 1; lastKnownFileType = sourcecode.swift; path = ImageDetailPresenter.swift; sourceTree = "<group>"; };
		C4AE21E0D75155929FFED39A /* LaunchpadDetailModuleOutput.swift */ = {isa = PBXFileReference; includeInIndex = 1; lastKnownFileType = sourcecode.swift; path = LaunchpadDetailModuleOutput.swift; sourceTree = "<group>"; };
		C528A8074CBA72BB02216E0E /* LaunchDetailModuleConfigurator.swift */ = {isa = PBXFileReference; includeInIndex = 1; lastKnownFileType = sourcecode.swift; path = LaunchDetailModuleConfigurator.swift; sourceTree = "<group>"; };
		C54FFE8ED5E72C2AEDF01199 /* LaunchpadDetailViewInput.swift */ = {isa = PBXFileReference; includeInIndex = 1; lastKnownFileType = sourcecode.swift; path = LaunchpadDetailViewInput.swift; sourceTree = "<group>"; };
		CFB107241E124D5843135BFD /* RocketDetailViewInput.swift */ = {isa = PBXFileReference; includeInIndex = 1; lastKnownFileType = sourcecode.swift; path = RocketDetailViewInput.swift; sourceTree = "<group>"; };
		DBB2F27958CA5A36C8278B46 /* LaunchDetailPresenter.swift */ = {isa = PBXFileReference; includeInIndex = 1; lastKnownFileType = sourcecode.swift; path = LaunchDetailPresenter.swift; sourceTree = "<group>"; };
		E07A94278BE3C3FECC55A902 /* LaunchDetailModuleOutput.swift */ = {isa = PBXFileReference; includeInIndex = 1; lastKnownFileType = sourcecode.swift; path = LaunchDetailModuleOutput.swift; sourceTree = "<group>"; };
		E327CD408484C84200011B6A /* LaunchpadDetailPresenter.swift */ = {isa = PBXFileReference; includeInIndex = 1; lastKnownFileType = sourcecode.swift; path = LaunchpadDetailPresenter.swift; sourceTree = "<group>"; };
		E7B8DF894B65EB9F76542B78 /* RocketDetailModuleOutput.swift */ = {isa = PBXFileReference; includeInIndex = 1; lastKnownFileType = sourcecode.swift; path = RocketDetailModuleOutput.swift; sourceTree = "<group>"; };
		E89CC0FD8A71AA2EA4A30912 /* ImageDetailRouterInput.swift */ = {isa = PBXFileReference; includeInIndex = 1; lastKnownFileType = sourcecode.swift; path = ImageDetailRouterInput.swift; sourceTree = "<group>"; };
		EC312867C96B915CFEAC1AFA /* RocketDetailViewController.swift */ = {isa = PBXFileReference; includeInIndex = 1; lastKnownFileType = sourcecode.swift; path = RocketDetailViewController.swift; sourceTree = "<group>"; };
		F63FA87C9EF192BF154B635A /* LaunchListViewController.swift */ = {isa = PBXFileReference; includeInIndex = 1; lastKnownFileType = sourcecode.swift; path = LaunchListViewController.swift; sourceTree = "<group>"; };
		F7ADD200470FF7ED315328F5 /* LaunchpadDetailModuleInput.swift */ = {isa = PBXFileReference; includeInIndex = 1; lastKnownFileType = sourcecode.swift; path = LaunchpadDetailModuleInput.swift; sourceTree = "<group>"; };
		F8D5B4A2010CEA308E4044E0 /* LaunchpadDetailViewOutput.swift */ = {isa = PBXFileReference; includeInIndex = 1; lastKnownFileType = sourcecode.swift; path = LaunchpadDetailViewOutput.swift; sourceTree = "<group>"; };
		FB2B734B36B1E90831E248D8 /* LaunchDetailViewInput.swift */ = {isa = PBXFileReference; includeInIndex = 1; lastKnownFileType = sourcecode.swift; path = LaunchDetailViewInput.swift; sourceTree = "<group>"; };
		FFB11D882B2BA277BBAE55CE /* LaunchDetailViewController.swift */ = {isa = PBXFileReference; includeInIndex = 1; lastKnownFileType = sourcecode.swift; path = LaunchDetailViewController.swift; sourceTree = "<group>"; };
/* End PBXFileReference section */

/* Begin PBXFrameworksBuildPhase section */
		4F712BDF27034A1A00E80077 /* Frameworks */ = {
			isa = PBXFrameworksBuildPhase;
			buildActionMask = 2147483647;
			files = (
				4F9C26D52768F2A800AB3886 /* WebKit.framework in Frameworks */,
			);
			runOnlyForDeploymentPostprocessing = 0;
		};
		4F712BF527034A1B00E80077 /* Frameworks */ = {
			isa = PBXFrameworksBuildPhase;
			buildActionMask = 2147483647;
			files = (
			);
			runOnlyForDeploymentPostprocessing = 0;
		};
		4F712C0027034A1B00E80077 /* Frameworks */ = {
			isa = PBXFrameworksBuildPhase;
			buildActionMask = 2147483647;
			files = (
			);
			runOnlyForDeploymentPostprocessing = 0;
		};
/* End PBXFrameworksBuildPhase section */

/* Begin PBXGroup section */
		038E36DBEE0543BCF51E6D07 /* LaunchList */ = {
			isa = PBXGroup;
			children = (
				1E9ECCDB0F8D91C1FAD59A9C /* Configurator */,
				F875AA1A3EDCB06E49DB70FD /* Router */,
				20C908F7E26EA5519BA710C9 /* Presenter */,
				68E08764FAA3944A7C552A86 /* View */,
			);
			path = LaunchList;
			sourceTree = "<group>";
		};
		078F533CBE2E4145136D42D9 /* Router */ = {
			isa = PBXGroup;
			children = (
				A2B839DF5582B5E0555C9CA1 /* RocketDetailRouter.swift */,
				70E6B8D68CE892BFB1C13213 /* RocketDetailRouterInput.swift */,
			);
			path = Router;
			sourceTree = "<group>";
		};
		140D5CEDA302854DD294796F /* Router */ = {
			isa = PBXGroup;
			children = (
				8345DFD50989D1F465BF373A /* RocketsListRouter.swift */,
				520735A20F621F456A8D6CBB /* RocketsListRouterInput.swift */,
			);
			path = Router;
			sourceTree = "<group>";
		};
		1E38EF3F4F554185C04C13DF /* ImageDetail */ = {
			isa = PBXGroup;
			children = (
				CB659D92644C20B7AC815DBD /* Configurator */,
				7EE5ECAE1C1CFCF5AB2286A9 /* Router */,
				EE3CBC9114AE1E3058C660E2 /* Presenter */,
				CC23A284612AE7040BC01182 /* View */,
			);
			path = ImageDetail;
			sourceTree = "<group>";
		};
		1E9ECCDB0F8D91C1FAD59A9C /* Configurator */ = {
			isa = PBXGroup;
			children = (
				41CB123FBE0A5428F4098993 /* LaunchListModuleConfigurator.swift */,
			);
			path = Configurator;
			sourceTree = "<group>";
		};
		20C908F7E26EA5519BA710C9 /* Presenter */ = {
			isa = PBXGroup;
			children = (
				A9253B0EF15CE0DB9FA9D8AF /* LaunchListPresenter.swift */,
				4F9C26AC275FB9C200AB3886 /* LaunchListPresenter + CollectionView.swift */,
				4CACC6203E88D9B0403C54EE /* LaunchListModuleInput.swift */,
				07AE546E4B157A1CB3A8F334 /* LaunchListModuleOutput.swift */,
			);
			path = Presenter;
			sourceTree = "<group>";
		};
		2BE07EF5DAE92E1F07E97378 /* Presenter */ = {
			isa = PBXGroup;
			children = (
				DBB2F27958CA5A36C8278B46 /* LaunchDetailPresenter.swift */,
				4F9C26C72767758500AB3886 /* LaunchDetailPresenter + CollectionViewDataSource.swift */,
				A8E0BD359E5BC792B7CC94F8 /* LaunchDetailModuleInput.swift */,
				E07A94278BE3C3FECC55A902 /* LaunchDetailModuleOutput.swift */,
			);
			path = Presenter;
			sourceTree = "<group>";
		};
		3057C9120EAB2DCA2B5267B0 /* Presenter */ = {
			isa = PBXGroup;
			children = (
				4F4E20312728511000ADB1D4 /* Protocols */,
				54FF02C8C79208E0F79130BB /* RocketListPresenter.swift */,
				4F4E202D27284D7A00ADB1D4 /* RocketListPresenter + CollectionView.swift */,
			);
			path = Presenter;
			sourceTree = "<group>";
		};
		305B542082A89ECB4CBC090F /* RocketsList */ = {
			isa = PBXGroup;
			children = (
				F7346B82F09C65CC35125133 /* Configurator */,
				140D5CEDA302854DD294796F /* Router */,
				3057C9120EAB2DCA2B5267B0 /* Presenter */,
				70732F505293485B7AA71896 /* View */,
			);
			path = RocketsList;
			sourceTree = "<group>";
		};
		380AD58849C83BEAFC94963E /* View */ = {
			isa = PBXGroup;
			children = (
				4E388A0C8DB58786B6F7F26D /* LaunchpadDetailViewController.swift */,
				4FB2177D27735E5300218E74 /* LaunchpadDetailViewController + ImagesCollectionViewDelegate.swift */,
				4F9746032771F375000DDB21 /* LaunchpadDetailViewController.xib */,
				C54FFE8ED5E72C2AEDF01199 /* LaunchpadDetailViewInput.swift */,
				F8D5B4A2010CEA308E4044E0 /* LaunchpadDetailViewOutput.swift */,
			);
			path = View;
			sourceTree = "<group>";
		};
		3D4ECD1E196DB4E376D3D531 /* Configurator */ = {
			isa = PBXGroup;
			children = (
				973A1FE9F92A26CEC1FEF9FA /* LaunchpadDetailModuleConfigurator.swift */,
			);
			path = Configurator;
			sourceTree = "<group>";
		};
		4F0BC9A227109F5D00FB0FA0 /* RocketsListCell */ = {
			isa = PBXGroup;
			children = (
				4F0BC9A32710A08900FB0FA0 /* RocketListCell.swift */,
			);
			path = RocketsListCell;
			sourceTree = "<group>";
		};
		4F0BC9A72710AD9400FB0FA0 /* Constants */ = {
			isa = PBXGroup;
			children = (
			);
			path = Constants;
			sourceTree = "<group>";
		};
		4F0BC9AA27149D6800FB0FA0 /* Protocols */ = {
			isa = PBXGroup;
			children = (
				4F0BC9AB27149D8000FB0FA0 /* LoaderDisplayable.swift */,
				4FD08B162733EB8C00991150 /* ModelDataDisplayable.swift */,
				4F093E5C27356CA30089F5E5 /* ModelDataStringConvertable.swift */,
			);
			path = Protocols;
			sourceTree = "<group>";
		};
		4F0BC9AD2715BB1500FB0FA0 /* Services */ = {
			isa = PBXGroup;
			children = (
				4F9C26F2276CA9D200AB3886 /* NetworkService.swift */,
				4F9C26F4276CAA1300AB3886 /* RequestService.swift */,
				4F9C26F6276D00C100AB3886 /* ImageDownloader.swift */,
			);
			path = Services;
			sourceTree = "<group>";
		};
		4F0BC9B32715CD1900FB0FA0 /* Parsers */ = {
			isa = PBXGroup;
			children = (
				4F0BC9B62715D1BD00FB0FA0 /* JSONParser.swift */,
			);
			path = Parsers;
			sourceTree = "<group>";
		};
		4F4E20312728511000ADB1D4 /* Protocols */ = {
			isa = PBXGroup;
			children = (
				487246DB2BF40FD4B80F66D4 /* RocketListModuleInput.swift */,
				3D848C6B427F1A41BDEBF130 /* RocketListModuleOutput.swift */,
			);
			path = Protocols;
			sourceTree = "<group>";
		};
		4F4E20322728512A00ADB1D4 /* Protocols */ = {
			isa = PBXGroup;
			children = (
				825CE811DED9B620037AAC90 /* RocketListViewInput.swift */,
				41C677C3B75E2CB7353DFD3E /* RocketListViewOutput.swift */,
			);
			path = Protocols;
			sourceTree = "<group>";
		};
		4F712BD927034A1A00E80077 = {
			isa = PBXGroup;
			children = (
				4F712BE427034A1A00E80077 /* RSSchool_T11 */,
				4F712BFB27034A1B00E80077 /* RSSchool_T11Tests */,
				4F712C0627034A1B00E80077 /* RSSchool_T11UITests */,
				4F712BE327034A1A00E80077 /* Products */,
				4F9C26D32768F2A700AB3886 /* Frameworks */,
			);
			sourceTree = "<group>";
		};
		4F712BE327034A1A00E80077 /* Products */ = {
			isa = PBXGroup;
			children = (
				4F712BE227034A1A00E80077 /* RSSchool_T11.app */,
				4F712BF827034A1B00E80077 /* RSSchool_T11Tests.xctest */,
				4F712C0327034A1B00E80077 /* RSSchool_T11UITests.xctest */,
			);
			name = Products;
			sourceTree = "<group>";
		};
		4F712BE427034A1A00E80077 /* RSSchool_T11 */ = {
			isa = PBXGroup;
			children = (
				4F712BE527034A1A00E80077 /* AppDelegate.swift */,
				4F712BE927034A1A00E80077 /* ViewController.swift */,
				4F712BEE27034A1B00E80077 /* Assets.xcassets */,
				4F712BF027034A1B00E80077 /* LaunchScreen.storyboard */,
				4F712BF327034A1B00E80077 /* Info.plist */,
				4F712C34271051F300E80077 /* Models */,
				4F0BC9B32715CD1900FB0FA0 /* Parsers */,
				4F0BC9AD2715BB1500FB0FA0 /* Services */,
				4F712C15270359FD00E80077 /* Support */,
				53AB295CB96F5D8C43AB7EE3 /* Screens */,
				4F712C29270F1D7400E80077 /* Library */,
				4F712C19270F16A600E80077 /* Resources */,
			);
			path = RSSchool_T11;
			sourceTree = "<group>";
		};
		4F712BFB27034A1B00E80077 /* RSSchool_T11Tests */ = {
			isa = PBXGroup;
			children = (
				4F712BFC27034A1B00E80077 /* RSSchool_T11Tests.swift */,
				4F712BFE27034A1B00E80077 /* Info.plist */,
			);
			path = RSSchool_T11Tests;
			sourceTree = "<group>";
		};
		4F712C0627034A1B00E80077 /* RSSchool_T11UITests */ = {
			isa = PBXGroup;
			children = (
				4F712C0727034A1B00E80077 /* RSSchool_T11UITests.swift */,
				4F712C0927034A1B00E80077 /* Info.plist */,
			);
			path = RSSchool_T11UITests;
			sourceTree = "<group>";
		};
		4F712C15270359FD00E80077 /* Support */ = {
			isa = PBXGroup;
			children = (
				4F712C1627035A1A00E80077 /* ModuleTrasitionable.swift */,
			);
			path = Support;
			sourceTree = "<group>";
		};
		4F712C19270F16A600E80077 /* Resources */ = {
			isa = PBXGroup;
			children = (
				4F0BC9A72710AD9400FB0FA0 /* Constants */,
				4F712C1B270F16EA00E80077 /* Fonts */,
			);
			path = Resources;
			sourceTree = "<group>";
		};
		4F712C1B270F16EA00E80077 /* Fonts */ = {
			isa = PBXGroup;
			children = (
				4F712C20270F1AE800E80077 /* Roboto-Bold.ttf */,
				4F712C1E270F1AD200E80077 /* Roboto-Medium.ttf */,
			);
			path = Fonts;
			sourceTree = "<group>";
		};
		4F712C29270F1D7400E80077 /* Library */ = {
			isa = PBXGroup;
			children = (
				4FF578CB2747C2FB00228273 /* Views */,
				4F0BC9AA27149D6800FB0FA0 /* Protocols */,
				4F712C2A270F1D7400E80077 /* Extensions */,
			);
			path = Library;
			sourceTree = "<group>";
		};
		4F712C2A270F1D7400E80077 /* Extensions */ = {
			isa = PBXGroup;
			children = (
				4F712C2B270F1D7400E80077 /* UIFont.swift */,
				4F712C2D270F1FF500E80077 /* UIColor.swift */,
				4FA28E46273C08F2001410CD /* Double.swift */,
				4F9C2684274FABA200AB3886 /* UIImage + Assets.swift */,
			);
			path = Extensions;
			sourceTree = "<group>";
		};
		4F712C34271051F300E80077 /* Models */ = {
			isa = PBXGroup;
			children = (
				4F712C352710520E00E80077 /* Rocket.swift */,
				4F9C26942757AADE00AB3886 /* Launch.swift */,
				4F9C27002770F47300AB3886 /* Launchpad.swift */,
			);
			path = Models;
			sourceTree = "<group>";
		};
		4F9C2681274D23C500AB3886 /* Protocols */ = {
			isa = PBXGroup;
			children = (
				0D0640C4FE9724E44FE815C4 /* ImageDetailViewInput.swift */,
				8B5791D1F606A451F2CD746E /* ImageDetailViewOutput.swift */,
			);
			path = Protocols;
			sourceTree = "<group>";
		};
		4F9C26BC27613B8E00AB3886 /* UIRocketView */ = {
			isa = PBXGroup;
			children = (
				4F9C26B827613B7600AB3886 /* UIRocketView.swift */,
				4F9C26BA27613B8700AB3886 /* UIRocketView.xib */,
			);
			path = UIRocketView;
			sourceTree = "<group>";
		};
		4F9C26C92768C8C800AB3886 /* WebPage */ = {
			isa = PBXGroup;
			children = (
				4F9C26CC2768DBA400AB3886 /* Configurator */,
				4F9C26DC276A4F9900AB3886 /* View */,
			);
			path = WebPage;
			sourceTree = "<group>";
		};
		4F9C26CC2768DBA400AB3886 /* Configurator */ = {
			isa = PBXGroup;
			children = (
				4F9C26CD2768DBBA00AB3886 /* WebPageModuleConfigurator.swift */,
			);
			path = Configurator;
			sourceTree = "<group>";
		};
		4F9C26D32768F2A700AB3886 /* Frameworks */ = {
			isa = PBXGroup;
			children = (
				4F9C26D42768F2A800AB3886 /* WebKit.framework */,
			);
			name = Frameworks;
			sourceTree = "<group>";
		};
		4F9C26DC276A4F9900AB3886 /* View */ = {
			isa = PBXGroup;
			children = (
				4F9C26E8276A5A6400AB3886 /* WebPageViewController.swift */,
				4F9C26E9276A5A6400AB3886 /* WebPageViewController.xib */,
			);
			path = View;
			sourceTree = "<group>";
		};
		4F9C26F82770E2D600AB3886 /* LaunchpadList */ = {
			isa = PBXGroup;
			children = (
				4F9C27042771300500AB3886 /* Configurator */,
				4F9C27092771304300AB3886 /* Router */,
				4F9C27082771303C00AB3886 /* Presenter */,
				4F9C27072771303200AB3886 /* View */,
			);
			path = LaunchpadList;
			sourceTree = "<group>";
		};
		4F9C27042771300500AB3886 /* Configurator */ = {
			isa = PBXGroup;
			children = (
				4F9C27052771302100AB3886 /* LaunchpadListModuleConfigurator.swift */,
			);
			path = Configurator;
			sourceTree = "<group>";
		};
		4F9C27072771303200AB3886 /* View */ = {
			isa = PBXGroup;
			children = (
				4F9C2710277130BF00AB3886 /* LaunchpadListViewController.swift */,
				4F9C27162771383E00AB3886 /* LaunchpadListViewController + CollectionView.swift */,
				4F9C2712277130D400AB3886 /* LaunchpadListViewInput.swift */,
				4F9C2714277130E200AB3886 /* LaunchpadListViewOutput.swift */,
				4F9C271A277138B900AB3886 /* LaunchpadListCollectionViewCell.swift */,
			);
			path = View;
			sourceTree = "<group>";
		};
		4F9C27082771303C00AB3886 /* Presenter */ = {
			isa = PBXGroup;
			children = (
				4F9C270E2771309000AB3886 /* LaunchpadListPresenter.swift */,
				4F9C27182771387000AB3886 /* LaunchpadListPresenter + CollectionView.swift */,
			);
			path = Presenter;
			sourceTree = "<group>";
		};
		4F9C27092771304300AB3886 /* Router */ = {
			isa = PBXGroup;
			children = (
				4F9C270A2771306900AB3886 /* LaunchpadListRouter.swift */,
				4F9C270C2771307600AB3886 /* LaunchpadListRouterInput.swift */,
			);
			path = Router;
			sourceTree = "<group>";
		};
		4FF578CB2747C2FB00228273 /* Views */ = {
			isa = PBXGroup;
			children = (
				4F9C26BC27613B8E00AB3886 /* UIRocketView */,
				4FA28E4D2743F691001410CD /* ImageCell.swift */,
				4F9C267F274BD6BC00AB3886 /* MarginLabel.swift */,
				4F9C26962757D7B300AB3886 /* UIIndicatorView.swift */,
				4F9C269A2758EEA000AB3886 /* UIShadowButton.swift */,
				4F9C269E275E828E00AB3886 /* UIShadowLabelView.swift */,
				4F9C26A8275E954C00AB3886 /* UIShadowImageView.swift */,
				4F9C26A2275E8A9800AB3886 /* UILaunchView.swift */,
				4FB217812773667B00218E74 /* MapView.swift */,
			);
			path = Views;
			sourceTree = "<group>";
		};
		4FFD1BA9273014A700A5E347 /* Protocols */ = {
			isa = PBXGroup;
			children = (
				0EED9C5DE9FD24E604F78BBB /* RocketDetailModuleInput.swift */,
				E7B8DF894B65EB9F76542B78 /* RocketDetailModuleOutput.swift */,
			);
			path = Protocols;
			sourceTree = "<group>";
		};
		4FFD1BAA273014BB00A5E347 /* Protocols */ = {
			isa = PBXGroup;
			children = (
				CFB107241E124D5843135BFD /* RocketDetailViewInput.swift */,
				254BF304E7E681E123829C99 /* RocketDetailViewOutput.swift */,
			);
			path = Protocols;
			sourceTree = "<group>";
		};
		53AB295CB96F5D8C43AB7EE3 /* Screens */ = {
			isa = PBXGroup;
			children = (
				4F9C26C92768C8C800AB3886 /* WebPage */,
				1E38EF3F4F554185C04C13DF /* ImageDetail */,
				305B542082A89ECB4CBC090F /* RocketsList */,
				8B6DB3D1E6C6D2D3010C8432 /* RocketDetail */,
				038E36DBEE0543BCF51E6D07 /* LaunchList */,
				7B547C939E5F7FE90CDB9F06 /* LaunchDetail */,
				4F9C26F82770E2D600AB3886 /* LaunchpadList */,
				E5733AF0CAB8CB7885C0D3B0 /* LaunchpadDetail */,
			);
			path = Screens;
			sourceTree = "<group>";
		};
		68E08764FAA3944A7C552A86 /* View */ = {
			isa = PBXGroup;
			children = (
				F63FA87C9EF192BF154B635A /* LaunchListViewController.swift */,
				4F9C26AA275FB91400AB3886 /* LaunchListViewController + CollectionView.swift */,
				6D5105C2609844A8CFE10503 /* LaunchListViewInput.swift */,
				818FD5899FF33C16A5B87D89 /* LaunchListViewOutput.swift */,
				4F9C26B0275FBE4C00AB3886 /* LaunchListCollectionViewCell.swift */,
			);
			path = View;
			sourceTree = "<group>";
		};
		70732F505293485B7AA71896 /* View */ = {
			isa = PBXGroup;
			children = (
				4F4E20322728512A00ADB1D4 /* Protocols */,
				4F0BC9A227109F5D00FB0FA0 /* RocketsListCell */,
				29877C5A14525B9B800811A6 /* RocketListViewController.swift */,
				4F4E202F27284E8800ADB1D4 /* RocketListViewController + CollectionView.swift */,
			);
			path = View;
			sourceTree = "<group>";
		};
		77CBE080AA11A5DC6A6388F8 /* Router */ = {
			isa = PBXGroup;
			children = (
				7634E5E60586D0CF14E8A8FD /* LaunchpadDetailRouter.swift */,
				65592B815F29725B298B9075 /* LaunchpadDetailRouterInput.swift */,
			);
			path = Router;
			sourceTree = "<group>";
		};
		7B547C939E5F7FE90CDB9F06 /* LaunchDetail */ = {
			isa = PBXGroup;
			children = (
				882C3C852A987833E26E1508 /* Configurator */,
				83BB5AF29EDC50CD66F4465E /* Router */,
				2BE07EF5DAE92E1F07E97378 /* Presenter */,
				F751A1F9A68DBAE1178144A8 /* View */,
			);
			path = LaunchDetail;
			sourceTree = "<group>";
		};
		7EE5ECAE1C1CFCF5AB2286A9 /* Router */ = {
			isa = PBXGroup;
			children = (
				596624BFFB0AECC5BE3DF326 /* ImageDetailRouter.swift */,
				E89CC0FD8A71AA2EA4A30912 /* ImageDetailRouterInput.swift */,
			);
			path = Router;
			sourceTree = "<group>";
		};
		83BB5AF29EDC50CD66F4465E /* Router */ = {
			isa = PBXGroup;
			children = (
				0231A979710DB2BA8D44FB38 /* LaunchDetailRouter.swift */,
				2D8F5A00B4630C6AC4A35065 /* LaunchDetailRouterInput.swift */,
			);
			path = Router;
			sourceTree = "<group>";
		};
		8475FB477F2F5FF0151EA9CA /* Configurator */ = {
			isa = PBXGroup;
			children = (
				0546201A9CD3F71D139A0AB5 /* RocketDetailModuleConfigurator.swift */,
			);
			path = Configurator;
			sourceTree = "<group>";
		};
		882C3C852A987833E26E1508 /* Configurator */ = {
			isa = PBXGroup;
			children = (
				C528A8074CBA72BB02216E0E /* LaunchDetailModuleConfigurator.swift */,
			);
			path = Configurator;
			sourceTree = "<group>";
		};
		8B6DB3D1E6C6D2D3010C8432 /* RocketDetail */ = {
			isa = PBXGroup;
			children = (
				8475FB477F2F5FF0151EA9CA /* Configurator */,
				078F533CBE2E4145136D42D9 /* Router */,
				9C329A6E31B1BF6C9982DFDB /* Presenter */,
				F2F971B5287E6BF4CCE3B3FF /* View */,
			);
			path = RocketDetail;
			sourceTree = "<group>";
		};
		9C329A6E31B1BF6C9982DFDB /* Presenter */ = {
			isa = PBXGroup;
			children = (
				4FFD1BA9273014A700A5E347 /* Protocols */,
				A953F51CEAA2268E5C92C6A8 /* RocketDetailPresenter.swift */,
				4FA28E4A2743EC15001410CD /* RocketDetailPresenter + CollectionView.swift */,
			);
			path = Presenter;
			sourceTree = "<group>";
		};
		CB659D92644C20B7AC815DBD /* Configurator */ = {
			isa = PBXGroup;
			children = (
				593AF7328324F13A7A1BCF62 /* ImageDetailModuleConfigurator.swift */,
			);
			path = Configurator;
			sourceTree = "<group>";
		};
		CC23A284612AE7040BC01182 /* View */ = {
			isa = PBXGroup;
			children = (
				4F9C2681274D23C500AB3886 /* Protocols */,
				0CEA673C669DAD28ED85ACEE /* ImageDetailViewController.swift */,
			);
			path = View;
			sourceTree = "<group>";
		};
		E5733AF0CAB8CB7885C0D3B0 /* LaunchpadDetail */ = {
			isa = PBXGroup;
			children = (
				3D4ECD1E196DB4E376D3D531 /* Configurator */,
				77CBE080AA11A5DC6A6388F8 /* Router */,
				FE3ACCC5465859B778461C40 /* Presenter */,
				380AD58849C83BEAFC94963E /* View */,
			);
			path = LaunchpadDetail;
			sourceTree = "<group>";
		};
		EE3CBC9114AE1E3058C660E2 /* Presenter */ = {
			isa = PBXGroup;
			children = (
				BD81B9C6F6D36E97615EE74B /* ImageDetailPresenter.swift */,
				9E224EF8A1DBC22DADDA5223 /* ImageDetailModuleInput.swift */,
				6A399DAB1DEC20FB7899079E /* ImageDetailModuleOutput.swift */,
			);
			path = Presenter;
			sourceTree = "<group>";
		};
		F2F971B5287E6BF4CCE3B3FF /* View */ = {
			isa = PBXGroup;
			children = (
				4FFD1BAA273014BB00A5E347 /* Protocols */,
				EC312867C96B915CFEAC1AFA /* RocketDetailViewController.swift */,
				4FA28E482743EA27001410CD /* RocketDetailViewController + CollectionView.swift */,
				4FD08B142731890E00991150 /* RocketDetailViewController.xib */,
			);
			path = View;
			sourceTree = "<group>";
		};
		F7346B82F09C65CC35125133 /* Configurator */ = {
			isa = PBXGroup;
			children = (
				9E0DBC7B08C8286C1B21A981 /* RocketsListModuleConfigurator.swift */,
			);
			path = Configurator;
			sourceTree = "<group>";
		};
		F751A1F9A68DBAE1178144A8 /* View */ = {
			isa = PBXGroup;
			children = (
				FFB11D882B2BA277BBAE55CE /* LaunchDetailViewController.swift */,
				4F9C26C52767757200AB3886 /* LaunchDetailViewController + CollectionViewDelegate.swift */,
				4F9C26B42761030300AB3886 /* LaunchDetailViewController.xib */,
				FB2B734B36B1E90831E248D8 /* LaunchDetailViewInput.swift */,
				6AA842D85EF0DAFC949B2122 /* LaunchDetailViewOutput.swift */,
			);
			path = View;
			sourceTree = "<group>";
		};
		F875AA1A3EDCB06E49DB70FD /* Router */ = {
			isa = PBXGroup;
			children = (
				1CE04B0B4A5CE19A72769B7D /* LaunchListRouter.swift */,
				4016E72582B6432C3A1398CF /* LaunchListRouterInput.swift */,
			);
			path = Router;
			sourceTree = "<group>";
		};
		FE3ACCC5465859B778461C40 /* Presenter */ = {
			isa = PBXGroup;
			children = (
				E327CD408484C84200011B6A /* LaunchpadDetailPresenter.swift */,
				4FB2177F27735E6A00218E74 /* LaunchpadDetailPresenter + ImagesCollectionViewDataSource.swift */,
				F7ADD200470FF7ED315328F5 /* LaunchpadDetailModuleInput.swift */,
				C4AE21E0D75155929FFED39A /* LaunchpadDetailModuleOutput.swift */,
			);
			path = Presenter;
			sourceTree = "<group>";
		};
/* End PBXGroup section */

/* Begin PBXNativeTarget section */
		4F712BE127034A1A00E80077 /* RSSchool_T11 */ = {
			isa = PBXNativeTarget;
			buildConfigurationList = 4F712C0C27034A1B00E80077 /* Build configuration list for PBXNativeTarget "RSSchool_T11" */;
			buildPhases = (
				4F712BDE27034A1A00E80077 /* Sources */,
				4F712BDF27034A1A00E80077 /* Frameworks */,
				4F712BE027034A1A00E80077 /* Resources */,
			);
			buildRules = (
			);
			dependencies = (
			);
			name = RSSchool_T11;
			productName = RSSchool_T11;
			productReference = 4F712BE227034A1A00E80077 /* RSSchool_T11.app */;
			productType = "com.apple.product-type.application";
		};
		4F712BF727034A1B00E80077 /* RSSchool_T11Tests */ = {
			isa = PBXNativeTarget;
			buildConfigurationList = 4F712C0F27034A1B00E80077 /* Build configuration list for PBXNativeTarget "RSSchool_T11Tests" */;
			buildPhases = (
				4F712BF427034A1B00E80077 /* Sources */,
				4F712BF527034A1B00E80077 /* Frameworks */,
				4F712BF627034A1B00E80077 /* Resources */,
			);
			buildRules = (
			);
			dependencies = (
				4F712BFA27034A1B00E80077 /* PBXTargetDependency */,
			);
			name = RSSchool_T11Tests;
			productName = RSSchool_T11Tests;
			productReference = 4F712BF827034A1B00E80077 /* RSSchool_T11Tests.xctest */;
			productType = "com.apple.product-type.bundle.unit-test";
		};
		4F712C0227034A1B00E80077 /* RSSchool_T11UITests */ = {
			isa = PBXNativeTarget;
			buildConfigurationList = 4F712C1227034A1B00E80077 /* Build configuration list for PBXNativeTarget "RSSchool_T11UITests" */;
			buildPhases = (
				4F712BFF27034A1B00E80077 /* Sources */,
				4F712C0027034A1B00E80077 /* Frameworks */,
				4F712C0127034A1B00E80077 /* Resources */,
			);
			buildRules = (
			);
			dependencies = (
				4F712C0527034A1B00E80077 /* PBXTargetDependency */,
			);
			name = RSSchool_T11UITests;
			productName = RSSchool_T11UITests;
			productReference = 4F712C0327034A1B00E80077 /* RSSchool_T11UITests.xctest */;
			productType = "com.apple.product-type.bundle.ui-testing";
		};
/* End PBXNativeTarget section */

/* Begin PBXProject section */
		4F712BDA27034A1A00E80077 /* Project object */ = {
			isa = PBXProject;
			attributes = {
				LastSwiftUpdateCheck = 1250;
				LastUpgradeCheck = 1250;
				TargetAttributes = {
					4F712BE127034A1A00E80077 = {
						CreatedOnToolsVersion = 12.5.1;
					};
					4F712BF727034A1B00E80077 = {
						CreatedOnToolsVersion = 12.5.1;
						TestTargetID = 4F712BE127034A1A00E80077;
					};
					4F712C0227034A1B00E80077 = {
						CreatedOnToolsVersion = 12.5.1;
						TestTargetID = 4F712BE127034A1A00E80077;
					};
				};
			};
			buildConfigurationList = 4F712BDD27034A1A00E80077 /* Build configuration list for PBXProject "RSSchool_T11" */;
			compatibilityVersion = "Xcode 9.3";
			developmentRegion = en;
			hasScannedForEncodings = 0;
			knownRegions = (
				en,
				Base,
			);
			mainGroup = 4F712BD927034A1A00E80077;
			productRefGroup = 4F712BE327034A1A00E80077 /* Products */;
			projectDirPath = "";
			projectRoot = "";
			targets = (
				4F712BE127034A1A00E80077 /* RSSchool_T11 */,
				4F712BF727034A1B00E80077 /* RSSchool_T11Tests */,
				4F712C0227034A1B00E80077 /* RSSchool_T11UITests */,
			);
		};
/* End PBXProject section */

/* Begin PBXResourcesBuildPhase section */
		4F712BE027034A1A00E80077 /* Resources */ = {
			isa = PBXResourcesBuildPhase;
			buildActionMask = 2147483647;
			files = (
				4F712BF227034A1B00E80077 /* LaunchScreen.storyboard in Resources */,
				4F9746042771F375000DDB21 /* LaunchpadDetailViewController.xib in Resources */,
				4FD08B152731890E00991150 /* RocketDetailViewController.xib in Resources */,
				4F9C26BB27613B8700AB3886 /* UIRocketView.xib in Resources */,
				4F712BEF27034A1B00E80077 /* Assets.xcassets in Resources */,
				4F9C26EB276A5A6400AB3886 /* WebPageViewController.xib in Resources */,
				4F712C21270F1AE800E80077 /* Roboto-Bold.ttf in Resources */,
				4F9C26B52761030300AB3886 /* LaunchDetailViewController.xib in Resources */,
				4F712C1F270F1AD200E80077 /* Roboto-Medium.ttf in Resources */,
			);
			runOnlyForDeploymentPostprocessing = 0;
		};
		4F712BF627034A1B00E80077 /* Resources */ = {
			isa = PBXResourcesBuildPhase;
			buildActionMask = 2147483647;
			files = (
			);
			runOnlyForDeploymentPostprocessing = 0;
		};
		4F712C0127034A1B00E80077 /* Resources */ = {
			isa = PBXResourcesBuildPhase;
			buildActionMask = 2147483647;
			files = (
			);
			runOnlyForDeploymentPostprocessing = 0;
		};
/* End PBXResourcesBuildPhase section */

/* Begin PBXSourcesBuildPhase section */
		4F712BDE27034A1A00E80077 /* Sources */ = {
			isa = PBXSourcesBuildPhase;
			buildActionMask = 2147483647;
			files = (
				4FA28E4B2743EC15001410CD /* RocketDetailPresenter + CollectionView.swift in Sources */,
				4F712BEA27034A1A00E80077 /* ViewController.swift in Sources */,
				4F4E203027284E8800ADB1D4 /* RocketListViewController + CollectionView.swift in Sources */,
				4F9C26C82767758500AB3886 /* LaunchDetailPresenter + CollectionViewDataSource.swift in Sources */,
				4F9C2715277130E200AB3886 /* LaunchpadListViewOutput.swift in Sources */,
				4F9C270F2771309000AB3886 /* LaunchpadListPresenter.swift in Sources */,
				4F9C2711277130BF00AB3886 /* LaunchpadListViewController.swift in Sources */,
				4F9C26F5276CAA1300AB3886 /* RequestService.swift in Sources */,
				4FB2177E27735E5300218E74 /* LaunchpadDetailViewController + ImagesCollectionViewDelegate.swift in Sources */,
				4F0BC9B72715D1BD00FB0FA0 /* JSONParser.swift in Sources */,
				4F712C2E270F1FF500E80077 /* UIColor.swift in Sources */,
				4F9C26AD275FB9C200AB3886 /* LaunchListPresenter + CollectionView.swift in Sources */,
				4F712BE627034A1A00E80077 /* AppDelegate.swift in Sources */,
				4F9C26AB275FB91400AB3886 /* LaunchListViewController + CollectionView.swift in Sources */,
				9AF1DFC6200E34BE79E1439C /* RocketsListModuleConfigurator.swift in Sources */,
				4F712C1727035A1A00E80077 /* ModuleTrasitionable.swift in Sources */,
				4F4E202E27284D7A00ADB1D4 /* RocketListPresenter + CollectionView.swift in Sources */,
				4FB217822773667B00218E74 /* MapView.swift in Sources */,
				4F9C269F275E828E00AB3886 /* UIShadowLabelView.swift in Sources */,
				4F9C27012770F47300AB3886 /* Launchpad.swift in Sources */,
				4F9C27192771387000AB3886 /* LaunchpadListPresenter + CollectionView.swift in Sources */,
				4F9C2680274BD6BC00AB3886 /* MarginLabel.swift in Sources */,
				4FA28E492743EA27001410CD /* RocketDetailViewController + CollectionView.swift in Sources */,
				4FA28E4E2743F691001410CD /* ImageCell.swift in Sources */,
				A004031974AB3C3134C5D11C /* RocketsListRouter.swift in Sources */,
				4F0BC9AC27149D8000FB0FA0 /* LoaderDisplayable.swift in Sources */,
				4F9C26B927613B7600AB3886 /* UIRocketView.swift in Sources */,
				C00B0C4488DE5FFBA8037FB1 /* RocketsListRouterInput.swift in Sources */,
				4F9C26972757D7B300AB3886 /* UIIndicatorView.swift in Sources */,
				927BF85AA092E444100FD2B6 /* RocketListPresenter.swift in Sources */,
				4F712C362710520E00E80077 /* Rocket.swift in Sources */,
				4F0BC9A52710A08900FB0FA0 /* RocketListCell.swift in Sources */,
				4F9C26A3275E8A9800AB3886 /* UILaunchView.swift in Sources */,
				4F9C26C62767757200AB3886 /* LaunchDetailViewController + CollectionViewDelegate.swift in Sources */,
				0B48189FC3293DD93DF3D1E2 /* RocketListModuleInput.swift in Sources */,
				F764FF70883C33CA247E8B40 /* RocketListModuleOutput.swift in Sources */,
				4F712C2C270F1D7500E80077 /* UIFont.swift in Sources */,
				70DA521294D16FB8ED8E7AFD /* RocketListViewController.swift in Sources */,
				4FD08B172733EB8C00991150 /* ModelDataDisplayable.swift in Sources */,
				F29419DA48BCF6B4122DF5E1 /* RocketListViewInput.swift in Sources */,
				4F9C2713277130D400AB3886 /* LaunchpadListViewInput.swift in Sources */,
				A200569F0EA3214DBA4CAA00 /* RocketListViewOutput.swift in Sources */,
				FCFB66B3F8E9014D2E1938A7 /* RocketDetailModuleConfigurator.swift in Sources */,
				7DB88B39337FDCEA14FADEF5 /* RocketDetailRouter.swift in Sources */,
				4F9C270D2771307600AB3886 /* LaunchpadListRouterInput.swift in Sources */,
				B4B68FA613C71028B6F87139 /* RocketDetailRouterInput.swift in Sources */,
				F11FFF92566D4E6F727693FB /* RocketDetailPresenter.swift in Sources */,
				72F5315AAFD32CE6AA456335 /* RocketDetailModuleInput.swift in Sources */,
				4F9C270B2771306900AB3886 /* LaunchpadListRouter.swift in Sources */,
				4F9C27062771302100AB3886 /* LaunchpadListModuleConfigurator.swift in Sources */,
				4FB2178027735E6A00218E74 /* LaunchpadDetailPresenter + ImagesCollectionViewDataSource.swift in Sources */,
				4F093E5D27356CA30089F5E5 /* ModelDataStringConvertable.swift in Sources */,
				4F9C2685274FABA200AB3886 /* UIImage + Assets.swift in Sources */,
				940D29ADD142E7914589C539 /* RocketDetailModuleOutput.swift in Sources */,
				B2C8BE64E9BAAD722C2B721C /* RocketDetailViewController.swift in Sources */,
				A5D57433A121F0EC8D847ECD /* RocketDetailViewInput.swift in Sources */,
				4FA28E47273C08F2001410CD /* Double.swift in Sources */,
				A0C1E7FE178A89BFB7FB0D67 /* RocketDetailViewOutput.swift in Sources */,
				7056E245FD05DF96C9DF407B /* ImageDetailModuleConfigurator.swift in Sources */,
				540C34C8ADA105EE0E3F1222 /* ImageDetailRouter.swift in Sources */,
				9C8EC7CB36EDE8FE8628A97D /* ImageDetailRouterInput.swift in Sources */,
				058714AE26F9C937DEE36566 /* ImageDetailPresenter.swift in Sources */,
				31EDD6287CA670360D9ABB61 /* ImageDetailModuleInput.swift in Sources */,
				4F9C26B1275FBE4C00AB3886 /* LaunchListCollectionViewCell.swift in Sources */,
				49B114DEFAD803F9577AB398 /* ImageDetailModuleOutput.swift in Sources */,
				E3227C3649D18032373938EB /* ImageDetailViewController.swift in Sources */,
				4F9C26EA276A5A6400AB3886 /* WebPageViewController.swift in Sources */,
				4F9C26CE2768DBBA00AB3886 /* WebPageModuleConfigurator.swift in Sources */,
				2580CFBFBBB86470184840C3 /* ImageDetailViewInput.swift in Sources */,
				4F9C26F7276D00C100AB3886 /* ImageDownloader.swift in Sources */,
				80D56369FB47F888C7A0E8BE /* ImageDetailViewOutput.swift in Sources */,
				4F9C26A9275E954C00AB3886 /* UIShadowImageView.swift in Sources */,
				2E38681FE09074C4BCCDBBE4 /* LaunchListModuleConfigurator.swift in Sources */,
				D9680489704E29AE9AD4CF34 /* LaunchListRouter.swift in Sources */,
				5D62738CDB193319D324E03C /* LaunchListRouterInput.swift in Sources */,
				B066539C2277373C2453A9F5 /* LaunchListPresenter.swift in Sources */,
				9F81028F654AA0DE9D742D35 /* LaunchListModuleInput.swift in Sources */,
				D9356AB75A9AC5B1C2F9493E /* LaunchListModuleOutput.swift in Sources */,
				4F9C26952757AADF00AB3886 /* Launch.swift in Sources */,
				90152DB9E744480FC6C5F302 /* LaunchListViewController.swift in Sources */,
				4F9C269B2758EEA000AB3886 /* UIShadowButton.swift in Sources */,
				4F9C271B277138B900AB3886 /* LaunchpadListCollectionViewCell.swift in Sources */,
				707D7C4169E7EC207227918B /* LaunchListViewInput.swift in Sources */,
				D69FE8DDA708CD8208490A8C /* LaunchListViewOutput.swift in Sources */,
				4F9C27172771383E00AB3886 /* LaunchpadListViewController + CollectionView.swift in Sources */,
				2CC87F5E420259CB102CC14B /* LaunchDetailModuleConfigurator.swift in Sources */,
				F852DE25C6FBD53661167731 /* LaunchDetailRouter.swift in Sources */,
				ABD90D4BBB90ECFF78ED66CE /* LaunchDetailRouterInput.swift in Sources */,
				4C2DBA2B5AAEB71E90E1B8C6 /* LaunchDetailPresenter.swift in Sources */,
				AB862AC16DB711ACE5820266 /* LaunchDetailModuleInput.swift in Sources */,
				436A4EAB7BE9B7BAF2B49487 /* LaunchDetailModuleOutput.swift in Sources */,
				4F9C26F3276CA9D200AB3886 /* NetworkService.swift in Sources */,
				977DC42BD747E28F2570FF98 /* LaunchDetailViewController.swift in Sources */,
				6F099DB0AA59F4770D9F5960 /* LaunchDetailViewInput.swift in Sources */,
				884B15F25B5CBA64D9A712ED /* LaunchDetailViewOutput.swift in Sources */,
				797A7B6EBF4F5141245DB5FB /* LaunchpadDetailModuleConfigurator.swift in Sources */,
				3E3E8D15806ACF37C5168415 /* LaunchpadDetailRouter.swift in Sources */,
				C82ED450473540A5A184473C /* LaunchpadDetailRouterInput.swift in Sources */,
				287DA7DBF9405BE5B9283864 /* LaunchpadDetailPresenter.swift in Sources */,
				539405AF8D9D43493902B08C /* LaunchpadDetailModuleInput.swift in Sources */,
				38890C7B800570475B24C536 /* LaunchpadDetailModuleOutput.swift in Sources */,
				481896530F0314299E71CD97 /* LaunchpadDetailViewController.swift in Sources */,
				6C2E50A36083AE47A3D1EF8A /* LaunchpadDetailViewInput.swift in Sources */,
				B526871A4606639186747C97 /* LaunchpadDetailViewOutput.swift in Sources */,
			);
			runOnlyForDeploymentPostprocessing = 0;
		};
		4F712BF427034A1B00E80077 /* Sources */ = {
			isa = PBXSourcesBuildPhase;
			buildActionMask = 2147483647;
			files = (
				4F712BFD27034A1B00E80077 /* RSSchool_T11Tests.swift in Sources */,
			);
			runOnlyForDeploymentPostprocessing = 0;
		};
		4F712BFF27034A1B00E80077 /* Sources */ = {
			isa = PBXSourcesBuildPhase;
			buildActionMask = 2147483647;
			files = (
				4F712C0827034A1B00E80077 /* RSSchool_T11UITests.swift in Sources */,
			);
			runOnlyForDeploymentPostprocessing = 0;
		};
/* End PBXSourcesBuildPhase section */

/* Begin PBXTargetDependency section */
		4F712BFA27034A1B00E80077 /* PBXTargetDependency */ = {
			isa = PBXTargetDependency;
			target = 4F712BE127034A1A00E80077 /* RSSchool_T11 */;
			targetProxy = 4F712BF927034A1B00E80077 /* PBXContainerItemProxy */;
		};
		4F712C0527034A1B00E80077 /* PBXTargetDependency */ = {
			isa = PBXTargetDependency;
			target = 4F712BE127034A1A00E80077 /* RSSchool_T11 */;
			targetProxy = 4F712C0427034A1B00E80077 /* PBXContainerItemProxy */;
		};
/* End PBXTargetDependency section */

/* Begin PBXVariantGroup section */
		4F712BF027034A1B00E80077 /* LaunchScreen.storyboard */ = {
			isa = PBXVariantGroup;
			children = (
				4F712BF127034A1B00E80077 /* Base */,
			);
			name = LaunchScreen.storyboard;
			sourceTree = "<group>";
		};
/* End PBXVariantGroup section */

/* Begin XCBuildConfiguration section */
		4F712C0A27034A1B00E80077 /* Debug */ = {
			isa = XCBuildConfiguration;
			buildSettings = {
				ALWAYS_SEARCH_USER_PATHS = NO;
				CLANG_ANALYZER_NONNULL = YES;
				CLANG_ANALYZER_NUMBER_OBJECT_CONVERSION = YES_AGGRESSIVE;
				CLANG_CXX_LANGUAGE_STANDARD = "gnu++14";
				CLANG_CXX_LIBRARY = "libc++";
				CLANG_ENABLE_MODULES = YES;
				CLANG_ENABLE_OBJC_ARC = YES;
				CLANG_ENABLE_OBJC_WEAK = YES;
				CLANG_WARN_BLOCK_CAPTURE_AUTORELEASING = YES;
				CLANG_WARN_BOOL_CONVERSION = YES;
				CLANG_WARN_COMMA = YES;
				CLANG_WARN_CONSTANT_CONVERSION = YES;
				CLANG_WARN_DEPRECATED_OBJC_IMPLEMENTATIONS = YES;
				CLANG_WARN_DIRECT_OBJC_ISA_USAGE = YES_ERROR;
				CLANG_WARN_DOCUMENTATION_COMMENTS = YES;
				CLANG_WARN_EMPTY_BODY = YES;
				CLANG_WARN_ENUM_CONVERSION = YES;
				CLANG_WARN_INFINITE_RECURSION = YES;
				CLANG_WARN_INT_CONVERSION = YES;
				CLANG_WARN_NON_LITERAL_NULL_CONVERSION = YES;
				CLANG_WARN_OBJC_IMPLICIT_RETAIN_SELF = YES;
				CLANG_WARN_OBJC_LITERAL_CONVERSION = YES;
				CLANG_WARN_OBJC_ROOT_CLASS = YES_ERROR;
				CLANG_WARN_QUOTED_INCLUDE_IN_FRAMEWORK_HEADER = YES;
				CLANG_WARN_RANGE_LOOP_ANALYSIS = YES;
				CLANG_WARN_STRICT_PROTOTYPES = YES;
				CLANG_WARN_SUSPICIOUS_MOVE = YES;
				CLANG_WARN_UNGUARDED_AVAILABILITY = YES_AGGRESSIVE;
				CLANG_WARN_UNREACHABLE_CODE = YES;
				CLANG_WARN__DUPLICATE_METHOD_MATCH = YES;
				COPY_PHASE_STRIP = NO;
				DEBUG_INFORMATION_FORMAT = dwarf;
				ENABLE_STRICT_OBJC_MSGSEND = YES;
				ENABLE_TESTABILITY = YES;
				GCC_C_LANGUAGE_STANDARD = gnu11;
				GCC_DYNAMIC_NO_PIC = NO;
				GCC_NO_COMMON_BLOCKS = YES;
				GCC_OPTIMIZATION_LEVEL = 0;
				GCC_PREPROCESSOR_DEFINITIONS = (
					"DEBUG=1",
					"$(inherited)",
				);
				GCC_WARN_64_TO_32_BIT_CONVERSION = YES;
				GCC_WARN_ABOUT_RETURN_TYPE = YES_ERROR;
				GCC_WARN_UNDECLARED_SELECTOR = YES;
				GCC_WARN_UNINITIALIZED_AUTOS = YES_AGGRESSIVE;
				GCC_WARN_UNUSED_FUNCTION = YES;
				GCC_WARN_UNUSED_VARIABLE = YES;
				IPHONEOS_DEPLOYMENT_TARGET = 12.1;
				MTL_ENABLE_DEBUG_INFO = INCLUDE_SOURCE;
				MTL_FAST_MATH = YES;
				ONLY_ACTIVE_ARCH = YES;
				SDKROOT = iphoneos;
				SWIFT_ACTIVE_COMPILATION_CONDITIONS = DEBUG;
				SWIFT_OPTIMIZATION_LEVEL = "-Onone";
			};
			name = Debug;
		};
		4F712C0B27034A1B00E80077 /* Release */ = {
			isa = XCBuildConfiguration;
			buildSettings = {
				ALWAYS_SEARCH_USER_PATHS = NO;
				CLANG_ANALYZER_NONNULL = YES;
				CLANG_ANALYZER_NUMBER_OBJECT_CONVERSION = YES_AGGRESSIVE;
				CLANG_CXX_LANGUAGE_STANDARD = "gnu++14";
				CLANG_CXX_LIBRARY = "libc++";
				CLANG_ENABLE_MODULES = YES;
				CLANG_ENABLE_OBJC_ARC = YES;
				CLANG_ENABLE_OBJC_WEAK = YES;
				CLANG_WARN_BLOCK_CAPTURE_AUTORELEASING = YES;
				CLANG_WARN_BOOL_CONVERSION = YES;
				CLANG_WARN_COMMA = YES;
				CLANG_WARN_CONSTANT_CONVERSION = YES;
				CLANG_WARN_DEPRECATED_OBJC_IMPLEMENTATIONS = YES;
				CLANG_WARN_DIRECT_OBJC_ISA_USAGE = YES_ERROR;
				CLANG_WARN_DOCUMENTATION_COMMENTS = YES;
				CLANG_WARN_EMPTY_BODY = YES;
				CLANG_WARN_ENUM_CONVERSION = YES;
				CLANG_WARN_INFINITE_RECURSION = YES;
				CLANG_WARN_INT_CONVERSION = YES;
				CLANG_WARN_NON_LITERAL_NULL_CONVERSION = YES;
				CLANG_WARN_OBJC_IMPLICIT_RETAIN_SELF = YES;
				CLANG_WARN_OBJC_LITERAL_CONVERSION = YES;
				CLANG_WARN_OBJC_ROOT_CLASS = YES_ERROR;
				CLANG_WARN_QUOTED_INCLUDE_IN_FRAMEWORK_HEADER = YES;
				CLANG_WARN_RANGE_LOOP_ANALYSIS = YES;
				CLANG_WARN_STRICT_PROTOTYPES = YES;
				CLANG_WARN_SUSPICIOUS_MOVE = YES;
				CLANG_WARN_UNGUARDED_AVAILABILITY = YES_AGGRESSIVE;
				CLANG_WARN_UNREACHABLE_CODE = YES;
				CLANG_WARN__DUPLICATE_METHOD_MATCH = YES;
				COPY_PHASE_STRIP = NO;
				DEBUG_INFORMATION_FORMAT = "dwarf-with-dsym";
				ENABLE_NS_ASSERTIONS = NO;
				ENABLE_STRICT_OBJC_MSGSEND = YES;
				GCC_C_LANGUAGE_STANDARD = gnu11;
				GCC_NO_COMMON_BLOCKS = YES;
				GCC_WARN_64_TO_32_BIT_CONVERSION = YES;
				GCC_WARN_ABOUT_RETURN_TYPE = YES_ERROR;
				GCC_WARN_UNDECLARED_SELECTOR = YES;
				GCC_WARN_UNINITIALIZED_AUTOS = YES_AGGRESSIVE;
				GCC_WARN_UNUSED_FUNCTION = YES;
				GCC_WARN_UNUSED_VARIABLE = YES;
				IPHONEOS_DEPLOYMENT_TARGET = 12.1;
				MTL_ENABLE_DEBUG_INFO = NO;
				MTL_FAST_MATH = YES;
				SDKROOT = iphoneos;
				SWIFT_COMPILATION_MODE = wholemodule;
				SWIFT_OPTIMIZATION_LEVEL = "-O";
				VALIDATE_PRODUCT = YES;
			};
			name = Release;
		};
		4F712C0D27034A1B00E80077 /* Debug */ = {
			isa = XCBuildConfiguration;
			buildSettings = {
				ASSETCATALOG_COMPILER_APPICON_NAME = AppIcon;
				ASSETCATALOG_COMPILER_GLOBAL_ACCENT_COLOR_NAME = AccentColor;
				CODE_SIGN_STYLE = Automatic;
				DEVELOPMENT_TEAM = 28423D34T2;
				INFOPLIST_FILE = RSSchool_T11/Info.plist;
				IPHONEOS_DEPLOYMENT_TARGET = 12.1;
				LD_RUNPATH_SEARCH_PATHS = (
					"$(inherited)",
					"@executable_path/Frameworks",
				);
				PRODUCT_BUNDLE_IDENTIFIER = "eatsthesoul.RSSchool-T11";
				PRODUCT_NAME = "$(TARGET_NAME)";
				SWIFT_VERSION = 5.0;
				TARGETED_DEVICE_FAMILY = "1,2";
			};
			name = Debug;
		};
		4F712C0E27034A1B00E80077 /* Release */ = {
			isa = XCBuildConfiguration;
			buildSettings = {
				ASSETCATALOG_COMPILER_APPICON_NAME = AppIcon;
				ASSETCATALOG_COMPILER_GLOBAL_ACCENT_COLOR_NAME = AccentColor;
				CODE_SIGN_STYLE = Automatic;
				DEVELOPMENT_TEAM = 28423D34T2;
				INFOPLIST_FILE = RSSchool_T11/Info.plist;
				IPHONEOS_DEPLOYMENT_TARGET = 12.1;
				LD_RUNPATH_SEARCH_PATHS = (
					"$(inherited)",
					"@executable_path/Frameworks",
				);
				PRODUCT_BUNDLE_IDENTIFIER = "eatsthesoul.RSSchool-T11";
				PRODUCT_NAME = "$(TARGET_NAME)";
				SWIFT_VERSION = 5.0;
				TARGETED_DEVICE_FAMILY = "1,2";
			};
			name = Release;
		};
		4F712C1027034A1B00E80077 /* Debug */ = {
			isa = XCBuildConfiguration;
			buildSettings = {
				ALWAYS_EMBED_SWIFT_STANDARD_LIBRARIES = YES;
				BUNDLE_LOADER = "$(TEST_HOST)";
				CODE_SIGN_STYLE = Automatic;
				DEVELOPMENT_TEAM = 28423D34T2;
				INFOPLIST_FILE = RSSchool_T11Tests/Info.plist;
				IPHONEOS_DEPLOYMENT_TARGET = 14.5;
				LD_RUNPATH_SEARCH_PATHS = (
					"$(inherited)",
					"@executable_path/Frameworks",
					"@loader_path/Frameworks",
				);
				PRODUCT_BUNDLE_IDENTIFIER = "eatsthesoul.RSSchool-T11Tests";
				PRODUCT_NAME = "$(TARGET_NAME)";
				SWIFT_VERSION = 5.0;
				TARGETED_DEVICE_FAMILY = "1,2";
				TEST_HOST = "$(BUILT_PRODUCTS_DIR)/RSSchool_T11.app/RSSchool_T11";
			};
			name = Debug;
		};
		4F712C1127034A1B00E80077 /* Release */ = {
			isa = XCBuildConfiguration;
			buildSettings = {
				ALWAYS_EMBED_SWIFT_STANDARD_LIBRARIES = YES;
				BUNDLE_LOADER = "$(TEST_HOST)";
				CODE_SIGN_STYLE = Automatic;
				DEVELOPMENT_TEAM = 28423D34T2;
				INFOPLIST_FILE = RSSchool_T11Tests/Info.plist;
				IPHONEOS_DEPLOYMENT_TARGET = 14.5;
				LD_RUNPATH_SEARCH_PATHS = (
					"$(inherited)",
					"@executable_path/Frameworks",
					"@loader_path/Frameworks",
				);
				PRODUCT_BUNDLE_IDENTIFIER = "eatsthesoul.RSSchool-T11Tests";
				PRODUCT_NAME = "$(TARGET_NAME)";
				SWIFT_VERSION = 5.0;
				TARGETED_DEVICE_FAMILY = "1,2";
				TEST_HOST = "$(BUILT_PRODUCTS_DIR)/RSSchool_T11.app/RSSchool_T11";
			};
			name = Release;
		};
		4F712C1327034A1B00E80077 /* Debug */ = {
			isa = XCBuildConfiguration;
			buildSettings = {
				ALWAYS_EMBED_SWIFT_STANDARD_LIBRARIES = YES;
				CODE_SIGN_STYLE = Automatic;
				DEVELOPMENT_TEAM = 28423D34T2;
				INFOPLIST_FILE = RSSchool_T11UITests/Info.plist;
				LD_RUNPATH_SEARCH_PATHS = (
					"$(inherited)",
					"@executable_path/Frameworks",
					"@loader_path/Frameworks",
				);
				PRODUCT_BUNDLE_IDENTIFIER = "eatsthesoul.RSSchool-T11UITests";
				PRODUCT_NAME = "$(TARGET_NAME)";
				SWIFT_VERSION = 5.0;
				TARGETED_DEVICE_FAMILY = "1,2";
				TEST_TARGET_NAME = RSSchool_T11;
			};
			name = Debug;
		};
		4F712C1427034A1B00E80077 /* Release */ = {
			isa = XCBuildConfiguration;
			buildSettings = {
				ALWAYS_EMBED_SWIFT_STANDARD_LIBRARIES = YES;
				CODE_SIGN_STYLE = Automatic;
				DEVELOPMENT_TEAM = 28423D34T2;
				INFOPLIST_FILE = RSSchool_T11UITests/Info.plist;
				LD_RUNPATH_SEARCH_PATHS = (
					"$(inherited)",
					"@executable_path/Frameworks",
					"@loader_path/Frameworks",
				);
				PRODUCT_BUNDLE_IDENTIFIER = "eatsthesoul.RSSchool-T11UITests";
				PRODUCT_NAME = "$(TARGET_NAME)";
				SWIFT_VERSION = 5.0;
				TARGETED_DEVICE_FAMILY = "1,2";
				TEST_TARGET_NAME = RSSchool_T11;
			};
			name = Release;
		};
/* End XCBuildConfiguration section */

/* Begin XCConfigurationList section */
		4F712BDD27034A1A00E80077 /* Build configuration list for PBXProject "RSSchool_T11" */ = {
			isa = XCConfigurationList;
			buildConfigurations = (
				4F712C0A27034A1B00E80077 /* Debug */,
				4F712C0B27034A1B00E80077 /* Release */,
			);
			defaultConfigurationIsVisible = 0;
			defaultConfigurationName = Release;
		};
		4F712C0C27034A1B00E80077 /* Build configuration list for PBXNativeTarget "RSSchool_T11" */ = {
			isa = XCConfigurationList;
			buildConfigurations = (
				4F712C0D27034A1B00E80077 /* Debug */,
				4F712C0E27034A1B00E80077 /* Release */,
			);
			defaultConfigurationIsVisible = 0;
			defaultConfigurationName = Release;
		};
		4F712C0F27034A1B00E80077 /* Build configuration list for PBXNativeTarget "RSSchool_T11Tests" */ = {
			isa = XCConfigurationList;
			buildConfigurations = (
				4F712C1027034A1B00E80077 /* Debug */,
				4F712C1127034A1B00E80077 /* Release */,
			);
			defaultConfigurationIsVisible = 0;
			defaultConfigurationName = Release;
		};
		4F712C1227034A1B00E80077 /* Build configuration list for PBXNativeTarget "RSSchool_T11UITests" */ = {
			isa = XCConfigurationList;
			buildConfigurations = (
				4F712C1327034A1B00E80077 /* Debug */,
				4F712C1427034A1B00E80077 /* Release */,
			);
			defaultConfigurationIsVisible = 0;
			defaultConfigurationName = Release;
		};
/* End XCConfigurationList section */
	};
	rootObject = 4F712BDA27034A1A00E80077 /* Project object */;
}
